// !$*UTF8*$!
{
	archiveVersion = 1;
	classes = {
	};
	objectVersion = 77;
	objects = {

/* Begin PBXBuildFile section */
		000A80B75B44F4533CF03039 /* AppDirectories.swift in Sources */ = {isa = PBXBuildFile; fileRef = 90A6B14AF6CFCF99A2703814 /* AppDirectories.swift */; };
		02CDABF72404F347717EAF08 /* MediaCardActions.swift in Sources */ = {isa = PBXBuildFile; fileRef = B3CD7FF2DB1281D012B52368 /* MediaCardActions.swift */; };
		0437D649EA3532D1E1F60A9B /* TranslationStore.swift in Sources */ = {isa = PBXBuildFile; fileRef = 2E4EBAB7F6DF06D7D56186F2 /* TranslationStore.swift */; };
		045047B4F912DAD5F8CFD1E8 /* XSpiderMacTests.swift in Sources */ = {isa = PBXBuildFile; fileRef = 3D6131CF69D6CFCE40580DB2 /* XSpiderMacTests.swift */; };
		091318096325BDC05BC87AFE /* SettingsView.swift in Sources */ = {isa = PBXBuildFile; fileRef = 9400B7A22AAE4F79E7F30449 /* SettingsView.swift */; };
		0F47BB2443DF850442B690E6 /* CookieLoginSheet.swift in Sources */ = {isa = PBXBuildFile; fileRef = EC62ED12CBAD140BBABD0F7A /* CookieLoginSheet.swift */; };
		11D8850DCA918D37D7CAA6A4 /* TranslatableText.swift in Sources */ = {isa = PBXBuildFile; fileRef = E06EB16B79AA2B554F917225 /* TranslatableText.swift */; };
		1575F841CA3A2D04BEF848CC /* NavigationHistory.swift in Sources */ = {isa = PBXBuildFile; fileRef = 9610436F9C97839865629445 /* NavigationHistory.swift */; };
		16A281D8046D175DFF5C9008 /* DownloadStore.swift in Sources */ = {isa = PBXBuildFile; fileRef = 65114E0D2408F2AD861228F0 /* DownloadStore.swift */; };
		19650F9D6A6CD1474627A8FD /* GlassBackground.swift in Sources */ = {isa = PBXBuildFile; fileRef = 69B4929D4EF622DB948DE5B5 /* GlassBackground.swift */; };
		1B046CD60A725B4727260701 /* NavigationItem.swift in Sources */ = {isa = PBXBuildFile; fileRef = E50035F8AB3BD56B42F4BDC3 /* NavigationItem.swift */; };
		1C52D12FA380F2CEC29BB661 /* WindowConfig.swift in Sources */ = {isa = PBXBuildFile; fileRef = 491496E19FE861DE65FB5614 /* WindowConfig.swift */; };
		1EC28CCFAF84F769D283C27B /* Aria2Engine.swift in Sources */ = {isa = PBXBuildFile; fileRef = 247792FC3A5153BA109AB30B /* Aria2Engine.swift */; };
		28FD816424E84727DEABCCA7 /* GlassCompat.swift in Sources */ = {isa = PBXBuildFile; fileRef = 9A721BC7BC346461F850A948 /* GlassCompat.swift */; };
		2A0330AD196BAA76929E427F /* SearchTimelineTests.swift in Sources */ = {isa = PBXBuildFile; fileRef = E5BCB4E79F3443C0CC5CE98E /* SearchTimelineTests.swift */; };
		2D278C5B8AE4638C15B37A0C /* MediaViewerAndFilterTests.swift in Sources */ = {isa = PBXBuildFile; fileRef = 0AD4B7CDFCDBFCD97AAACBBE /* MediaViewerAndFilterTests.swift */; };
		2EEFCCE851231DA73539E96A /* TweetDetailCache.swift in Sources */ = {isa = PBXBuildFile; fileRef = 7D820608ABD013CC445BC411 /* TweetDetailCache.swift */; };
		2F79BBCBC511B6E335D68903 /* FileNameTemplateTests.swift in Sources */ = {isa = PBXBuildFile; fileRef = D8723406FAF93C4C12966B02 /* FileNameTemplateTests.swift */; };
		30E03229669ABAF339441752 /* ReplyTreeAndPromotedTests.swift in Sources */ = {isa = PBXBuildFile; fileRef = 5F34FE5FD48A035A8C1EAF13 /* ReplyTreeAndPromotedTests.swift */; };
		34763326F141D3CB6879E0A6 /* SettingsAndCacheTests.swift in Sources */ = {isa = PBXBuildFile; fileRef = A44FBDC4C09B2322E6C4E65C /* SettingsAndCacheTests.swift */; };
		34F3306BD0C9193324017FD7 /* AccountStatusStore.swift in Sources */ = {isa = PBXBuildFile; fileRef = C54A4C75D2582FE77518CE71 /* AccountStatusStore.swift */; };
		35E201683CC78631115963EB /* MediaTypeBadge.swift in Sources */ = {isa = PBXBuildFile; fileRef = 86639C651A8DF7EBFEC71515 /* MediaTypeBadge.swift */; };
		37ED4DDC29969C90360A10B2 /* MediaSelectionTests.swift in Sources */ = {isa = PBXBuildFile; fileRef = 6ACA5C4BE7800F96587A4FA8 /* MediaSelectionTests.swift */; };
		3C0EA7AEE313B7BD2BE6BF5C /* SettingsStore.swift in Sources */ = {isa = PBXBuildFile; fileRef = BB8EEDF1ACB6AD7671621145 /* SettingsStore.swift */; };
		3EC52913D8CA572C228C444F /* HomepageStore.swift in Sources */ = {isa = PBXBuildFile; fileRef = F1A6494CC89C67122E3F3122 /* HomepageStore.swift */; };
		4290761DA5D4747D2608F590 /* SearchHistoryItem.swift in Sources */ = {isa = PBXBuildFile; fileRef = BE73393E6DBB7A16308C178D /* SearchHistoryItem.swift */; };
		4542D74E1CC9876031503518 /* FollowingListSheet.swift in Sources */ = {isa = PBXBuildFile; fileRef = 61396F40ACC197957633E4F6 /* FollowingListSheet.swift */; };
		49CA475288D57AB01C532E15 /* MediaViewerView.swift in Sources */ = {isa = PBXBuildFile; fileRef = 17600B0EC548E5F6B8621894 /* MediaViewerView.swift */; };
		4D84E5E91E214D3D3D8C8AFD /* L10n.swift in Sources */ = {isa = PBXBuildFile; fileRef = CC4B91779185027CBBA49B18 /* L10n.swift */; };
		5801A37E7C5562760D72C728 /* CreationTaskSelectionTests.swift in Sources */ = {isa = PBXBuildFile; fileRef = E26A5AB33B525DCFEE4E8E78 /* CreationTaskSelectionTests.swift */; };
		5A10313AC85910D71F6B950B /* String+Path.swift in Sources */ = {isa = PBXBuildFile; fileRef = A2C71F4FE1A0AD871AA29345 /* String+Path.swift */; };
		604794497A05F6F6BB8A4027 /* DetailOverlayCenter.swift in Sources */ = {isa = PBXBuildFile; fileRef = 06ABBB28B693BF9F78A8B01C /* DetailOverlayCenter.swift */; };
		642C0FF54CB497B7DDD35676 /* CreationTaskStore.swift in Sources */ = {isa = PBXBuildFile; fileRef = FB604A500CE60BCEC3672A98 /* CreationTaskStore.swift */; };
		681005D30F9A0ED8E2DCEB4A /* SearchQueryIdProvider.swift in Sources */ = {isa = PBXBuildFile; fileRef = CF2A073979842B971BAB9222 /* SearchQueryIdProvider.swift */; };
		6929E7E9B93C5498DD02246F /* NetworkRetryTests.swift in Sources */ = {isa = PBXBuildFile; fileRef = 0B0F8F16A5791FECD0FBDA39 /* NetworkRetryTests.swift */; };
		695B9E625A4396D6D20484FC /* NetworkClient.swift in Sources */ = {isa = PBXBuildFile; fileRef = 0C93E6E46B4E05127C178B1C /* NetworkClient.swift */; };
		6A781AF2E19543EB6B368AA4 /* L10nTests.swift in Sources */ = {isa = PBXBuildFile; fileRef = F52E6EBC6E44EE82061C8673 /* L10nTests.swift */; };
		6A861629F3AB6FF539C07D30 /* AboutView.swift in Sources */ = {isa = PBXBuildFile; fileRef = 13AD8E0566B641889F9C73FB /* AboutView.swift */; };
		6F97399FE029074A0E294FBF /* QuotedPostCard.swift in Sources */ = {isa = PBXBuildFile; fileRef = D591D72697C9E0A53F5DE3B4 /* QuotedPostCard.swift */; };
		72D3CDEF62F5C4B830171189 /* SidebarView.swift in Sources */ = {isa = PBXBuildFile; fileRef = 2C67A4155E3A3ADB82010417 /* SidebarView.swift */; };
		75165C853F73A66A6AD0B6DF /* TwitterPost.swift in Sources */ = {isa = PBXBuildFile; fileRef = 65CBC9960CB839075452DECD /* TwitterPost.swift */; };
		75CA165417644DEFA269E1F5 /* DownloadEngineTests.swift in Sources */ = {isa = PBXBuildFile; fileRef = DA9DDDA95C4F6ABB7FB0263B /* DownloadEngineTests.swift */; };
		7B23E6A11881F0FEC654415F /* FileNameTemplate.swift in Sources */ = {isa = PBXBuildFile; fileRef = 81B2DDA1453BB065CBE42323 /* FileNameTemplate.swift */; };
		7B7FD3147348CF551F07B9A9 /* XSpiderMacApp.swift in Sources */ = {isa = PBXBuildFile; fileRef = 07AE5E3CA52D8E873493B819 /* XSpiderMacApp.swift */; };
		7CF8FA2CAC7A47326AC83DA6 /* RateLimitTests.swift in Sources */ = {isa = PBXBuildFile; fileRef = 4E1F663EB2E54ED774199AD8 /* RateLimitTests.swift */; };
		7F2FF43F7FDAF1C56D8BAAFD /* DockSyncLayout.swift in Sources */ = {isa = PBXBuildFile; fileRef = 85CFC477417C1D3E25F35D77 /* DockSyncLayout.swift */; };
		87F8660898BCC8A8DFB5AEED /* ImageCache.swift in Sources */ = {isa = PBXBuildFile; fileRef = 72BF360634AFA8E3C4715248 /* ImageCache.swift */; };
		89ACE3C0BD37324C64AE22A8 /* TwitterAccountInfo.swift in Sources */ = {isa = PBXBuildFile; fileRef = 93CF5041DD389E11B677504D /* TwitterAccountInfo.swift */; };
		89AE434276B37BEC29934829 /* WaterfallLayout.swift in Sources */ = {isa = PBXBuildFile; fileRef = 9581358135FD0DE6D9D57B4A /* WaterfallLayout.swift */; };
		8BEB503A5BED3601D7FA985D /* TimelinePagingTests.swift in Sources */ = {isa = PBXBuildFile; fileRef = C67B0C451FE1C3AD820035B6 /* TimelinePagingTests.swift */; };
		94615A744BCD266E21DBA59F /* TwitterUser.swift in Sources */ = {isa = PBXBuildFile; fileRef = 1544EECF1A89E6C5FC211279 /* TwitterUser.swift */; };
		98BF145151F69EE572184F28 /* TweetDetailUserTests.swift in Sources */ = {isa = PBXBuildFile; fileRef = 644D8F09D2A505D1D1276D06 /* TweetDetailUserTests.swift */; };
		9B123F8E30E1936E0AF7F83F /* InfoHint.swift in Sources */ = {isa = PBXBuildFile; fileRef = B56F6F176179CCA68531F16C /* InfoHint.swift */; };
		9DE45F14785C82B9348ABC18 /* SleepPreventer.swift in Sources */ = {isa = PBXBuildFile; fileRef = E91AFBC2B087ACA54EA1554D /* SleepPreventer.swift */; };
		9EFAD365062561FEB3E4076E /* SyncView.swift in Sources */ = {isa = PBXBuildFile; fileRef = E39372895FAA6B9A4C468E94 /* SyncView.swift */; };
		A95AC0460DAA207A127EA14F /* Settings.swift in Sources */ = {isa = PBXBuildFile; fileRef = B5AD5B19BDF7FCCA2E95AE62 /* Settings.swift */; };
		AC227416870F9297A4DBB582 /* DownloadTask.swift in Sources */ = {isa = PBXBuildFile; fileRef = 13C99C4BFC75F391787FD663 /* DownloadTask.swift */; };
		AC549EA21CFFB395942FC26D /* RequestGate.swift in Sources */ = {isa = PBXBuildFile; fileRef = F21570464BAC241A0771180A /* RequestGate.swift */; };
		ADABE872B8B725D401178A97 /* Aria2RPCClient.swift in Sources */ = {isa = PBXBuildFile; fileRef = ECD06BD4F2D3FFFD58E53F2E /* Aria2RPCClient.swift */; };
		AF65BEB030CCF1A1B6A8CCA8 /* CreationTask.swift in Sources */ = {isa = PBXBuildFile; fileRef = 184CF2D9F3C06EC179D10B36 /* CreationTask.swift */; };
		B021AB66B3B7029A22C6D093 /* AppLogger.swift in Sources */ = {isa = PBXBuildFile; fileRef = CC206AB57040EA940F7C8BC6 /* AppLogger.swift */; };
		B6F79EF95045436E10971ED0 /* DownloadFilter.swift in Sources */ = {isa = PBXBuildFile; fileRef = F0D152F0C622E1B039FD2033 /* DownloadFilter.swift */; };
		BF54EF745C13947AC292D2CB /* SavedAccount.swift in Sources */ = {isa = PBXBuildFile; fileRef = 692D8C0DFF9BA1F0210A7FAE /* SavedAccount.swift */; };
		C8F2418BC5ABEBBA7B4B405B /* MediaDetailView.swift in Sources */ = {isa = PBXBuildFile; fileRef = CF89D7F6225AE828A18C02A6 /* MediaDetailView.swift */; };
		C9786C1ECC437ED9F1282BE0 /* TwitterMedia.swift in Sources */ = {isa = PBXBuildFile; fileRef = 6B939FBBBCC3EED4DAF66D0A /* TwitterMedia.swift */; };
		CA437AE628E377F593756EA1 /* HomeTimelineView.swift in Sources */ = {isa = PBXBuildFile; fileRef = AAAED927235E402A41F636ED /* HomeTimelineView.swift */; };
		CCD62BFC1AECAC80521431E4 /* MediaViewerCenter.swift in Sources */ = {isa = PBXBuildFile; fileRef = E6060348BDB59D1EC4284461 /* MediaViewerCenter.swift */; };
		CE63FF9703F273846ED5CFEA /* XClientTransaction.swift in Sources */ = {isa = PBXBuildFile; fileRef = CBBE72B5CC65256D2AE66924 /* XClientTransaction.swift */; };
		D236BCE7DDFBA0790729E5EB /* AppStore.swift in Sources */ = {isa = PBXBuildFile; fileRef = 2B628263D9561601F809C4F8 /* AppStore.swift */; };
		D625E6C7196AEF0C785F359B /* HomeTimelineStore.swift in Sources */ = {isa = PBXBuildFile; fileRef = 29B9F72E780FE56434B59E8A /* HomeTimelineStore.swift */; };
		D93184638E9AB84916BF28F6 /* HomeView.swift in Sources */ = {isa = PBXBuildFile; fileRef = FD0743F0DE27D18BB7A9CB7D /* HomeView.swift */; };
		DADC9397446116F0EB5B6772 /* FileIntegrity.swift in Sources */ = {isa = PBXBuildFile; fileRef = A7DB2A29A02FA152F4254AFA /* FileIntegrity.swift */; };
		DAE2BA28975D47562C0A956F /* aria2next in Resources */ = {isa = PBXBuildFile; fileRef = 8DA00850E75F336A45F75713 /* aria2next */; settings = {ATTRIBUTES = (CodeSignOnCopy, ); }; };
		DFE2F534E1C4BE0F7D032E38 /* SyncStore.swift in Sources */ = {isa = PBXBuildFile; fileRef = 17C8CCC2EAAB122A6FF0E343 /* SyncStore.swift */; };
		E04E855AB238056433E1596E /* Assets.xcassets in Resources */ = {isa = PBXBuildFile; fileRef = 1BBD226AD033835C037F4E7E /* Assets.xcassets */; };
		E950C166A4EFDCD28FA5B3C4 /* NumberStepperField.swift in Sources */ = {isa = PBXBuildFile; fileRef = E70DBBE98EADA3D2FD08805F /* NumberStepperField.swift */; };
		EA4E06D710A4DE8FEB7407AC /* ContentView.swift in Sources */ = {isa = PBXBuildFile; fileRef = 49F384578208B4323FB9E377 /* ContentView.swift */; };
		EA5C133940AF31C444504ADE /* TwitterAPI.swift in Sources */ = {isa = PBXBuildFile; fileRef = 0D7DD72FE659948C2AA3272F /* TwitterAPI.swift */; };
		EB90013BFE5E8249FE9A8F85 /* SearchHistoryPopover.swift in Sources */ = {isa = PBXBuildFile; fileRef = FD92DA949C8B8D465ABE0C09 /* SearchHistoryPopover.swift */; };
		EC28A95C1C6ACEBDB757F6C4 /* FeatureIntroSheet.swift in Sources */ = {isa = PBXBuildFile; fileRef = 66E80DA186046A5A93AE6EA2 /* FeatureIntroSheet.swift */; };
		EDD8A44ADA963391578DF21B /* FileIntegrityTests.swift in Sources */ = {isa = PBXBuildFile; fileRef = E718A31888D53077262DF1A4 /* FileIntegrityTests.swift */; };
		EF3CE8524E037D15E5F77E94 /* CookieImportView.swift in Sources */ = {isa = PBXBuildFile; fileRef = CD11699500B1791EFEAA1F95 /* CookieImportView.swift */; };
		F1A7C9493F8DCEDDE44BAD62 /* HomeTimelineStoreTests.swift in Sources */ = {isa = PBXBuildFile; fileRef = D45CFD806B90195310DE91A6 /* HomeTimelineStoreTests.swift */; };
		F49847C55B541F758E1F31AD /* FollowButton.swift in Sources */ = {isa = PBXBuildFile; fileRef = C685570A33E16C638B5293CD /* FollowButton.swift */; };
		F4A53548E7E41010D8EDA2D7 /* ExpandableText.swift in Sources */ = {isa = PBXBuildFile; fileRef = F9FCBE1562C679131AF24E8A /* ExpandableText.swift */; };
		F778B9F338A10C7A37EF1E8D /* FloatingDownloadBar.swift in Sources */ = {isa = PBXBuildFile; fileRef = 76D769C342F080744CE4324F /* FloatingDownloadBar.swift */; };
		FB7B6DC7ACB1882C83BEE29E /* ScrollWheelCatcher.swift in Sources */ = {isa = PBXBuildFile; fileRef = 3D228E87917E7C7C8CD9D1DB /* ScrollWheelCatcher.swift */; };
		FDB03CDFF7F2C83FA65C4297 /* DownloadsView.swift in Sources */ = {isa = PBXBuildFile; fileRef = BA9515D2A5D149F0C6884E21 /* DownloadsView.swift */; };
		FE7CEC284490135BFC4CC21C /* MediaSelection.swift in Sources */ = {isa = PBXBuildFile; fileRef = 504F64B69E867177B3DD8224 /* MediaSelection.swift */; };
/* End PBXBuildFile section */

/* Begin PBXContainerItemProxy section */
		A7A4EF118478EDDC77AA4463 /* PBXContainerItemProxy */ = {
			isa = PBXContainerItemProxy;
			containerPortal = 2132E386BF1EADE710AA2784 /* Project object */;
			proxyType = 1;
			remoteGlobalIDString = 41AB8042EBAEA8A9E14E0B6E;
			remoteInfo = XSpiderMac;
		};
/* End PBXContainerItemProxy section */

/* Begin PBXFileReference section */
		06ABBB28B693BF9F78A8B01C /* DetailOverlayCenter.swift */ = {isa = PBXFileReference; lastKnownFileType = sourcecode.swift; path = DetailOverlayCenter.swift; sourceTree = "<group>"; };
		07AE5E3CA52D8E873493B819 /* XSpiderMacApp.swift */ = {isa = PBXFileReference; lastKnownFileType = sourcecode.swift; path = XSpiderMacApp.swift; sourceTree = "<group>"; };
		0AD4B7CDFCDBFCD97AAACBBE /* MediaViewerAndFilterTests.swift */ = {isa = PBXFileReference; lastKnownFileType = sourcecode.swift; path = MediaViewerAndFilterTests.swift; sourceTree = "<group>"; };
		0B0F8F16A5791FECD0FBDA39 /* NetworkRetryTests.swift */ = {isa = PBXFileReference; lastKnownFileType = sourcecode.swift; path = NetworkRetryTests.swift; sourceTree = "<group>"; };
		0C93E6E46B4E05127C178B1C /* NetworkClient.swift */ = {isa = PBXFileReference; lastKnownFileType = sourcecode.swift; path = NetworkClient.swift; sourceTree = "<group>"; };
		0D7DD72FE659948C2AA3272F /* TwitterAPI.swift */ = {isa = PBXFileReference; lastKnownFileType = sourcecode.swift; path = TwitterAPI.swift; sourceTree = "<group>"; };
		13AD8E0566B641889F9C73FB /* AboutView.swift */ = {isa = PBXFileReference; lastKnownFileType = sourcecode.swift; path = AboutView.swift; sourceTree = "<group>"; };
		13C99C4BFC75F391787FD663 /* DownloadTask.swift */ = {isa = PBXFileReference; lastKnownFileType = sourcecode.swift; path = DownloadTask.swift; sourceTree = "<group>"; };
		1544EECF1A89E6C5FC211279 /* TwitterUser.swift */ = {isa = PBXFileReference; lastKnownFileType = sourcecode.swift; path = TwitterUser.swift; sourceTree = "<group>"; };
		17600B0EC548E5F6B8621894 /* MediaViewerView.swift */ = {isa = PBXFileReference; lastKnownFileType = sourcecode.swift; path = MediaViewerView.swift; sourceTree = "<group>"; };
		17C8CCC2EAAB122A6FF0E343 /* SyncStore.swift */ = {isa = PBXFileReference; lastKnownFileType = sourcecode.swift; path = SyncStore.swift; sourceTree = "<group>"; };
		184CF2D9F3C06EC179D10B36 /* CreationTask.swift */ = {isa = PBXFileReference; lastKnownFileType = sourcecode.swift; path = CreationTask.swift; sourceTree = "<group>"; };
		1BBD226AD033835C037F4E7E /* Assets.xcassets */ = {isa = PBXFileReference; lastKnownFileType = folder.assetcatalog; path = Assets.xcassets; sourceTree = "<group>"; };
		247792FC3A5153BA109AB30B /* Aria2Engine.swift */ = {isa = PBXFileReference; lastKnownFileType = sourcecode.swift; path = Aria2Engine.swift; sourceTree = "<group>"; };
		29B9F72E780FE56434B59E8A /* HomeTimelineStore.swift */ = {isa = PBXFileReference; lastKnownFileType = sourcecode.swift; path = HomeTimelineStore.swift; sourceTree = "<group>"; };
		2B628263D9561601F809C4F8 /* AppStore.swift */ = {isa = PBXFileReference; lastKnownFileType = sourcecode.swift; path = AppStore.swift; sourceTree = "<group>"; };
		2C67A4155E3A3ADB82010417 /* SidebarView.swift */ = {isa = PBXFileReference; lastKnownFileType = sourcecode.swift; path = SidebarView.swift; sourceTree = "<group>"; };
		2E4EBAB7F6DF06D7D56186F2 /* TranslationStore.swift */ = {isa = PBXFileReference; lastKnownFileType = sourcecode.swift; path = TranslationStore.swift; sourceTree = "<group>"; };
		3D228E87917E7C7C8CD9D1DB /* ScrollWheelCatcher.swift */ = {isa = PBXFileReference; lastKnownFileType = sourcecode.swift; path = ScrollWheelCatcher.swift; sourceTree = "<group>"; };
		3D6131CF69D6CFCE40580DB2 /* XSpiderMacTests.swift */ = {isa = PBXFileReference; lastKnownFileType = sourcecode.swift; path = XSpiderMacTests.swift; sourceTree = "<group>"; };
		491496E19FE861DE65FB5614 /* WindowConfig.swift */ = {isa = PBXFileReference; lastKnownFileType = sourcecode.swift; path = WindowConfig.swift; sourceTree = "<group>"; };
		49F384578208B4323FB9E377 /* ContentView.swift */ = {isa = PBXFileReference; lastKnownFileType = sourcecode.swift; path = ContentView.swift; sourceTree = "<group>"; };
		4E1F663EB2E54ED774199AD8 /* RateLimitTests.swift */ = {isa = PBXFileReference; lastKnownFileType = sourcecode.swift; path = RateLimitTests.swift; sourceTree = "<group>"; };
		504F64B69E867177B3DD8224 /* MediaSelection.swift */ = {isa = PBXFileReference; lastKnownFileType = sourcecode.swift; path = MediaSelection.swift; sourceTree = "<group>"; };
		583B467661B41B8F17D31BDF /* .gitkeep */ = {isa = PBXFileReference; path = .gitkeep; sourceTree = "<group>"; };
		5F34FE5FD48A035A8C1EAF13 /* ReplyTreeAndPromotedTests.swift */ = {isa = PBXFileReference; lastKnownFileType = sourcecode.swift; path = ReplyTreeAndPromotedTests.swift; sourceTree = "<group>"; };
		61396F40ACC197957633E4F6 /* FollowingListSheet.swift */ = {isa = PBXFileReference; lastKnownFileType = sourcecode.swift; path = FollowingListSheet.swift; sourceTree = "<group>"; };
		644D8F09D2A505D1D1276D06 /* TweetDetailUserTests.swift */ = {isa = PBXFileReference; lastKnownFileType = sourcecode.swift; path = TweetDetailUserTests.swift; sourceTree = "<group>"; };
		65114E0D2408F2AD861228F0 /* DownloadStore.swift */ = {isa = PBXFileReference; lastKnownFileType = sourcecode.swift; path = DownloadStore.swift; sourceTree = "<group>"; };
		65CBC9960CB839075452DECD /* TwitterPost.swift */ = {isa = PBXFileReference; lastKnownFileType = sourcecode.swift; path = TwitterPost.swift; sourceTree = "<group>"; };
		66E80DA186046A5A93AE6EA2 /* FeatureIntroSheet.swift */ = {isa = PBXFileReference; lastKnownFileType = sourcecode.swift; path = FeatureIntroSheet.swift; sourceTree = "<group>"; };
		692D8C0DFF9BA1F0210A7FAE /* SavedAccount.swift */ = {isa = PBXFileReference; lastKnownFileType = sourcecode.swift; path = SavedAccount.swift; sourceTree = "<group>"; };
		69B4929D4EF622DB948DE5B5 /* GlassBackground.swift */ = {isa = PBXFileReference; lastKnownFileType = sourcecode.swift; path = GlassBackground.swift; sourceTree = "<group>"; };
		6ACA5C4BE7800F96587A4FA8 /* MediaSelectionTests.swift */ = {isa = PBXFileReference; lastKnownFileType = sourcecode.swift; path = MediaSelectionTests.swift; sourceTree = "<group>"; };
		6B939FBBBCC3EED4DAF66D0A /* TwitterMedia.swift */ = {isa = PBXFileReference; lastKnownFileType = sourcecode.swift; path = TwitterMedia.swift; sourceTree = "<group>"; };
		72BF360634AFA8E3C4715248 /* ImageCache.swift */ = {isa = PBXFileReference; lastKnownFileType = sourcecode.swift; path = ImageCache.swift; sourceTree = "<group>"; };
		76D769C342F080744CE4324F /* FloatingDownloadBar.swift */ = {isa = PBXFileReference; lastKnownFileType = sourcecode.swift; path = FloatingDownloadBar.swift; sourceTree = "<group>"; };
		7D820608ABD013CC445BC411 /* TweetDetailCache.swift */ = {isa = PBXFileReference; lastKnownFileType = sourcecode.swift; path = TweetDetailCache.swift; sourceTree = "<group>"; };
		81B2DDA1453BB065CBE42323 /* FileNameTemplate.swift */ = {isa = PBXFileReference; lastKnownFileType = sourcecode.swift; path = FileNameTemplate.swift; sourceTree = "<group>"; };
		82F18809605044A1B3F2B7A5 /* .gitkeep */ = {isa = PBXFileReference; path = .gitkeep; sourceTree = "<group>"; };
		85CFC477417C1D3E25F35D77 /* DockSyncLayout.swift */ = {isa = PBXFileReference; lastKnownFileType = sourcecode.swift; path = DockSyncLayout.swift; sourceTree = "<group>"; };
		86639C651A8DF7EBFEC71515 /* MediaTypeBadge.swift */ = {isa = PBXFileReference; lastKnownFileType = sourcecode.swift; path = MediaTypeBadge.swift; sourceTree = "<group>"; };
		8DA00850E75F336A45F75713 /* aria2next */ = {isa = PBXFileReference; path = aria2next; sourceTree = "<group>"; };
		90A6B14AF6CFCF99A2703814 /* AppDirectories.swift */ = {isa = PBXFileReference; lastKnownFileType = sourcecode.swift; path = AppDirectories.swift; sourceTree = "<group>"; };
		93CF5041DD389E11B677504D /* TwitterAccountInfo.swift */ = {isa = PBXFileReference; lastKnownFileType = sourcecode.swift; path = TwitterAccountInfo.swift; sourceTree = "<group>"; };
		9400B7A22AAE4F79E7F30449 /* SettingsView.swift */ = {isa = PBXFileReference; lastKnownFileType = sourcecode.swift; path = SettingsView.swift; sourceTree = "<group>"; };
		9581358135FD0DE6D9D57B4A /* WaterfallLayout.swift */ = {isa = PBXFileReference; lastKnownFileType = sourcecode.swift; path = WaterfallLayout.swift; sourceTree = "<group>"; };
		9610436F9C97839865629445 /* NavigationHistory.swift */ = {isa = PBXFileReference; lastKnownFileType = sourcecode.swift; path = NavigationHistory.swift; sourceTree = "<group>"; };
		9A721BC7BC346461F850A948 /* GlassCompat.swift */ = {isa = PBXFileReference; lastKnownFileType = sourcecode.swift; path = GlassCompat.swift; sourceTree = "<group>"; };
		9FBF3B6352EC01EFE8FF9BB3 /* .gitkeep */ = {isa = PBXFileReference; path = .gitkeep; sourceTree = "<group>"; };
		A2C71F4FE1A0AD871AA29345 /* String+Path.swift */ = {isa = PBXFileReference; lastKnownFileType = sourcecode.swift; path = "String+Path.swift"; sourceTree = "<group>"; };
		A44FBDC4C09B2322E6C4E65C /* SettingsAndCacheTests.swift */ = {isa = PBXFileReference; lastKnownFileType = sourcecode.swift; path = SettingsAndCacheTests.swift; sourceTree = "<group>"; };
		A7DB2A29A02FA152F4254AFA /* FileIntegrity.swift */ = {isa = PBXFileReference; lastKnownFileType = sourcecode.swift; path = FileIntegrity.swift; sourceTree = "<group>"; };
		A9FF2B6963D0CB232CB5947E /* XSpiderMacTests.xctest */ = {isa = PBXFileReference; explicitFileType = wrapper.cfbundle; includeInIndex = 0; path = XSpiderMacTests.xctest; sourceTree = BUILT_PRODUCTS_DIR; };
		AAAED927235E402A41F636ED /* HomeTimelineView.swift */ = {isa = PBXFileReference; lastKnownFileType = sourcecode.swift; path = HomeTimelineView.swift; sourceTree = "<group>"; };
		B3CD7FF2DB1281D012B52368 /* MediaCardActions.swift */ = {isa = PBXFileReference; lastKnownFileType = sourcecode.swift; path = MediaCardActions.swift; sourceTree = "<group>"; };
		B56F6F176179CCA68531F16C /* InfoHint.swift */ = {isa = PBXFileReference; lastKnownFileType = sourcecode.swift; path = InfoHint.swift; sourceTree = "<group>"; };
		B5AD5B19BDF7FCCA2E95AE62 /* Settings.swift */ = {isa = PBXFileReference; lastKnownFileType = sourcecode.swift; path = Settings.swift; sourceTree = "<group>"; };
		BA9515D2A5D149F0C6884E21 /* DownloadsView.swift */ = {isa = PBXFileReference; lastKnownFileType = sourcecode.swift; path = DownloadsView.swift; sourceTree = "<group>"; };
		BB8EEDF1ACB6AD7671621145 /* SettingsStore.swift */ = {isa = PBXFileReference; lastKnownFileType = sourcecode.swift; path = SettingsStore.swift; sourceTree = "<group>"; };
		BE73393E6DBB7A16308C178D /* SearchHistoryItem.swift */ = {isa = PBXFileReference; lastKnownFileType = sourcecode.swift; path = SearchHistoryItem.swift; sourceTree = "<group>"; };
		C54A4C75D2582FE77518CE71 /* AccountStatusStore.swift */ = {isa = PBXFileReference; lastKnownFileType = sourcecode.swift; path = AccountStatusStore.swift; sourceTree = "<group>"; };
		C67B0C451FE1C3AD820035B6 /* TimelinePagingTests.swift */ = {isa = PBXFileReference; lastKnownFileType = sourcecode.swift; path = TimelinePagingTests.swift; sourceTree = "<group>"; };
		C685570A33E16C638B5293CD /* FollowButton.swift */ = {isa = PBXFileReference; lastKnownFileType = sourcecode.swift; path = FollowButton.swift; sourceTree = "<group>"; };
		CBBE72B5CC65256D2AE66924 /* XClientTransaction.swift */ = {isa = PBXFileReference; lastKnownFileType = sourcecode.swift; path = XClientTransaction.swift; sourceTree = "<group>"; };
		CC206AB57040EA940F7C8BC6 /* AppLogger.swift */ = {isa = PBXFileReference; lastKnownFileType = sourcecode.swift; path = AppLogger.swift; sourceTree = "<group>"; };
		CC4B91779185027CBBA49B18 /* L10n.swift */ = {isa = PBXFileReference; lastKnownFileType = sourcecode.swift; path = L10n.swift; sourceTree = "<group>"; };
		CD11699500B1791EFEAA1F95 /* CookieImportView.swift */ = {isa = PBXFileReference; lastKnownFileType = sourcecode.swift; path = CookieImportView.swift; sourceTree = "<group>"; };
		CF04B13606AE9D30B5392F7C /* XSpiderMac.app */ = {isa = PBXFileReference; explicitFileType = wrapper.application; includeInIndex = 0; path = XSpiderMac.app; sourceTree = BUILT_PRODUCTS_DIR; };
		CF2A073979842B971BAB9222 /* SearchQueryIdProvider.swift */ = {isa = PBXFileReference; lastKnownFileType = sourcecode.swift; path = SearchQueryIdProvider.swift; sourceTree = "<group>"; };
		CF89D7F6225AE828A18C02A6 /* MediaDetailView.swift */ = {isa = PBXFileReference; lastKnownFileType = sourcecode.swift; path = MediaDetailView.swift; sourceTree = "<group>"; };
		D45CFD806B90195310DE91A6 /* HomeTimelineStoreTests.swift */ = {isa = PBXFileReference; lastKnownFileType = sourcecode.swift; path = HomeTimelineStoreTests.swift; sourceTree = "<group>"; };
		D591D72697C9E0A53F5DE3B4 /* QuotedPostCard.swift */ = {isa = PBXFileReference; lastKnownFileType = sourcecode.swift; path = QuotedPostCard.swift; sourceTree = "<group>"; };
		D8723406FAF93C4C12966B02 /* FileNameTemplateTests.swift */ = {isa = PBXFileReference; lastKnownFileType = sourcecode.swift; path = FileNameTemplateTests.swift; sourceTree = "<group>"; };
		DA9DDDA95C4F6ABB7FB0263B /* DownloadEngineTests.swift */ = {isa = PBXFileReference; lastKnownFileType = sourcecode.swift; path = DownloadEngineTests.swift; sourceTree = "<group>"; };
		E06EB16B79AA2B554F917225 /* TranslatableText.swift */ = {isa = PBXFileReference; lastKnownFileType = sourcecode.swift; path = TranslatableText.swift; sourceTree = "<group>"; };
		E26A5AB33B525DCFEE4E8E78 /* CreationTaskSelectionTests.swift */ = {isa = PBXFileReference; lastKnownFileType = sourcecode.swift; path = CreationTaskSelectionTests.swift; sourceTree = "<group>"; };
		E39372895FAA6B9A4C468E94 /* SyncView.swift */ = {isa = PBXFileReference; lastKnownFileType = sourcecode.swift; path = SyncView.swift; sourceTree = "<group>"; };
		E50035F8AB3BD56B42F4BDC3 /* NavigationItem.swift */ = {isa = PBXFileReference; lastKnownFileType = sourcecode.swift; path = NavigationItem.swift; sourceTree = "<group>"; };
		E5BCB4E79F3443C0CC5CE98E /* SearchTimelineTests.swift */ = {isa = PBXFileReference; lastKnownFileType = sourcecode.swift; path = SearchTimelineTests.swift; sourceTree = "<group>"; };
		E6060348BDB59D1EC4284461 /* MediaViewerCenter.swift */ = {isa = PBXFileReference; lastKnownFileType = sourcecode.swift; path = MediaViewerCenter.swift; sourceTree = "<group>"; };
		E70DBBE98EADA3D2FD08805F /* NumberStepperField.swift */ = {isa = PBXFileReference; lastKnownFileType = sourcecode.swift; path = NumberStepperField.swift; sourceTree = "<group>"; };
		E718A31888D53077262DF1A4 /* FileIntegrityTests.swift */ = {isa = PBXFileReference; lastKnownFileType = sourcecode.swift; path = FileIntegrityTests.swift; sourceTree = "<group>"; };
		E91AFBC2B087ACA54EA1554D /* SleepPreventer.swift */ = {isa = PBXFileReference; lastKnownFileType = sourcecode.swift; path = SleepPreventer.swift; sourceTree = "<group>"; };
		EA025EF3ECBDC3FAB302A622 /* .gitkeep */ = {isa = PBXFileReference; path = .gitkeep; sourceTree = "<group>"; };
		EC62ED12CBAD140BBABD0F7A /* CookieLoginSheet.swift */ = {isa = PBXFileReference; lastKnownFileType = sourcecode.swift; path = CookieLoginSheet.swift; sourceTree = "<group>"; };
		ECD06BD4F2D3FFFD58E53F2E /* Aria2RPCClient.swift */ = {isa = PBXFileReference; lastKnownFileType = sourcecode.swift; path = Aria2RPCClient.swift; sourceTree = "<group>"; };
		F0D152F0C622E1B039FD2033 /* DownloadFilter.swift */ = {isa = PBXFileReference; lastKnownFileType = sourcecode.swift; path = DownloadFilter.swift; sourceTree = "<group>"; };
		F1A6494CC89C67122E3F3122 /* HomepageStore.swift */ = {isa = PBXFileReference; lastKnownFileType = sourcecode.swift; path = HomepageStore.swift; sourceTree = "<group>"; };
		F21570464BAC241A0771180A /* RequestGate.swift */ = {isa = PBXFileReference; lastKnownFileType = sourcecode.swift; path = RequestGate.swift; sourceTree = "<group>"; };
		F52E6EBC6E44EE82061C8673 /* L10nTests.swift */ = {isa = PBXFileReference; lastKnownFileType = sourcecode.swift; path = L10nTests.swift; sourceTree = "<group>"; };
		F9FCBE1562C679131AF24E8A /* ExpandableText.swift */ = {isa = PBXFileReference; lastKnownFileType = sourcecode.swift; path = ExpandableText.swift; sourceTree = "<group>"; };
		FADCA961AD9D4F3C749F8A46 /* .gitkeep */ = {isa = PBXFileReference; path = .gitkeep; sourceTree = "<group>"; };
		FB604A500CE60BCEC3672A98 /* CreationTaskStore.swift */ = {isa = PBXFileReference; lastKnownFileType = sourcecode.swift; path = CreationTaskStore.swift; sourceTree = "<group>"; };
		FD0743F0DE27D18BB7A9CB7D /* HomeView.swift */ = {isa = PBXFileReference; lastKnownFileType = sourcecode.swift; path = HomeView.swift; sourceTree = "<group>"; };
		FD92DA949C8B8D465ABE0C09 /* SearchHistoryPopover.swift */ = {isa = PBXFileReference; lastKnownFileType = sourcecode.swift; path = SearchHistoryPopover.swift; sourceTree = "<group>"; };
/* End PBXFileReference section */

/* Begin PBXGroup section */
		0A88B03F17E29512367B0991 = {
			isa = PBXGroup;
			children = (
				9F13414C7672E7F4FBE835E8 /* Binaries */,
				C4660C9AB449A714A0F5BF9D /* Resources */,
				ABCF6C537659FC9845E66F49 /* Sources */,
				C3ACA30BA64BF7D4ED63B691 /* Tests */,
				5AE56BCE44D8FB92FE6B3E03 /* Products */,
			);
			sourceTree = "<group>";
		};
		182C3153A9525CE5C1D06F62 /* XSpiderMac */ = {
			isa = PBXGroup;
			children = (
				07AE5E3CA52D8E873493B819 /* XSpiderMacApp.swift */,
				D1AA5589A02CCB60354A8846 /* Models */,
				B34E9AE4469084B1E93E2C6D /* Services */,
				D9A584A3E59D50A1E2C6A3A0 /* Stores */,
				89B00E24CAAF513D7F8FEB38 /* Support */,
				31B7D5CA5DF8A98393BDF186 /* Views */,
			);
			path = XSpiderMac;
			sourceTree = "<group>";
		};
		31B7D5CA5DF8A98393BDF186 /* Views */ = {
			isa = PBXGroup;
			children = (
				EA025EF3ECBDC3FAB302A622 /* .gitkeep */,
				13AD8E0566B641889F9C73FB /* AboutView.swift */,
				49F384578208B4323FB9E377 /* ContentView.swift */,
				CD11699500B1791EFEAA1F95 /* CookieImportView.swift */,
				EC62ED12CBAD140BBABD0F7A /* CookieLoginSheet.swift */,
				85CFC477417C1D3E25F35D77 /* DockSyncLayout.swift */,
				BA9515D2A5D149F0C6884E21 /* DownloadsView.swift */,
				F9FCBE1562C679131AF24E8A /* ExpandableText.swift */,
				66E80DA186046A5A93AE6EA2 /* FeatureIntroSheet.swift */,
				76D769C342F080744CE4324F /* FloatingDownloadBar.swift */,
				C685570A33E16C638B5293CD /* FollowButton.swift */,
				61396F40ACC197957633E4F6 /* FollowingListSheet.swift */,
				AAAED927235E402A41F636ED /* HomeTimelineView.swift */,
				FD0743F0DE27D18BB7A9CB7D /* HomeView.swift */,
				B3CD7FF2DB1281D012B52368 /* MediaCardActions.swift */,
				CF89D7F6225AE828A18C02A6 /* MediaDetailView.swift */,
				86639C651A8DF7EBFEC71515 /* MediaTypeBadge.swift */,
				17600B0EC548E5F6B8621894 /* MediaViewerView.swift */,
				E70DBBE98EADA3D2FD08805F /* NumberStepperField.swift */,
				D591D72697C9E0A53F5DE3B4 /* QuotedPostCard.swift */,
				3D228E87917E7C7C8CD9D1DB /* ScrollWheelCatcher.swift */,
				FD92DA949C8B8D465ABE0C09 /* SearchHistoryPopover.swift */,
				9400B7A22AAE4F79E7F30449 /* SettingsView.swift */,
				2C67A4155E3A3ADB82010417 /* SidebarView.swift */,
				E39372895FAA6B9A4C468E94 /* SyncView.swift */,
				E06EB16B79AA2B554F917225 /* TranslatableText.swift */,
				9581358135FD0DE6D9D57B4A /* WaterfallLayout.swift */,
			);
			path = Views;
			sourceTree = "<group>";
		};
		5AE56BCE44D8FB92FE6B3E03 /* Products */ = {
			isa = PBXGroup;
			children = (
				CF04B13606AE9D30B5392F7C /* XSpiderMac.app */,
				A9FF2B6963D0CB232CB5947E /* XSpiderMacTests.xctest */,
			);
			name = Products;
			sourceTree = "<group>";
		};
		89B00E24CAAF513D7F8FEB38 /* Support */ = {
			isa = PBXGroup;
			children = (
				82F18809605044A1B3F2B7A5 /* .gitkeep */,
				90A6B14AF6CFCF99A2703814 /* AppDirectories.swift */,
				CC206AB57040EA940F7C8BC6 /* AppLogger.swift */,
				06ABBB28B693BF9F78A8B01C /* DetailOverlayCenter.swift */,
				69B4929D4EF622DB948DE5B5 /* GlassBackground.swift */,
				9A721BC7BC346461F850A948 /* GlassCompat.swift */,
				72BF360634AFA8E3C4715248 /* ImageCache.swift */,
				B56F6F176179CCA68531F16C /* InfoHint.swift */,
				CC4B91779185027CBBA49B18 /* L10n.swift */,
				E6060348BDB59D1EC4284461 /* MediaViewerCenter.swift */,
				9610436F9C97839865629445 /* NavigationHistory.swift */,
				E91AFBC2B087ACA54EA1554D /* SleepPreventer.swift */,
				A2C71F4FE1A0AD871AA29345 /* String+Path.swift */,
				7D820608ABD013CC445BC411 /* TweetDetailCache.swift */,
				491496E19FE861DE65FB5614 /* WindowConfig.swift */,
			);
			path = Support;
			sourceTree = "<group>";
		};
		9F13414C7672E7F4FBE835E8 /* Binaries */ = {
			isa = PBXGroup;
			children = (
				8DA00850E75F336A45F75713 /* aria2next */,
			);
			name = Binaries;
			path = Resources/Binaries;
			sourceTree = "<group>";
		};
		ABCF6C537659FC9845E66F49 /* Sources */ = {
			isa = PBXGroup;
			children = (
				182C3153A9525CE5C1D06F62 /* XSpiderMac */,
			);
			path = Sources;
			sourceTree = "<group>";
		};
		B34E9AE4469084B1E93E2C6D /* Services */ = {
			isa = PBXGroup;
			children = (
				FADCA961AD9D4F3C749F8A46 /* .gitkeep */,
				247792FC3A5153BA109AB30B /* Aria2Engine.swift */,
				ECD06BD4F2D3FFFD58E53F2E /* Aria2RPCClient.swift */,
				A7DB2A29A02FA152F4254AFA /* FileIntegrity.swift */,
				81B2DDA1453BB065CBE42323 /* FileNameTemplate.swift */,
				0C93E6E46B4E05127C178B1C /* NetworkClient.swift */,
				F21570464BAC241A0771180A /* RequestGate.swift */,
				CF2A073979842B971BAB9222 /* SearchQueryIdProvider.swift */,
				0D7DD72FE659948C2AA3272F /* TwitterAPI.swift */,
				CBBE72B5CC65256D2AE66924 /* XClientTransaction.swift */,
			);
			path = Services;
			sourceTree = "<group>";
		};
		C3ACA30BA64BF7D4ED63B691 /* Tests */ = {
			isa = PBXGroup;
			children = (
				D3BEFBAEE027F494EEAA3D35 /* XSpiderMacTests */,
			);
			path = Tests;
			sourceTree = "<group>";
		};
		C4660C9AB449A714A0F5BF9D /* Resources */ = {
			isa = PBXGroup;
			children = (
				1BBD226AD033835C037F4E7E /* Assets.xcassets */,
			);
			path = Resources;
			sourceTree = "<group>";
		};
		D1AA5589A02CCB60354A8846 /* Models */ = {
			isa = PBXGroup;
			children = (
				583B467661B41B8F17D31BDF /* .gitkeep */,
				184CF2D9F3C06EC179D10B36 /* CreationTask.swift */,
				F0D152F0C622E1B039FD2033 /* DownloadFilter.swift */,
				13C99C4BFC75F391787FD663 /* DownloadTask.swift */,
				504F64B69E867177B3DD8224 /* MediaSelection.swift */,
				E50035F8AB3BD56B42F4BDC3 /* NavigationItem.swift */,
				692D8C0DFF9BA1F0210A7FAE /* SavedAccount.swift */,
				BE73393E6DBB7A16308C178D /* SearchHistoryItem.swift */,
				B5AD5B19BDF7FCCA2E95AE62 /* Settings.swift */,
				93CF5041DD389E11B677504D /* TwitterAccountInfo.swift */,
				6B939FBBBCC3EED4DAF66D0A /* TwitterMedia.swift */,
				65CBC9960CB839075452DECD /* TwitterPost.swift */,
				1544EECF1A89E6C5FC211279 /* TwitterUser.swift */,
			);
			path = Models;
			sourceTree = "<group>";
		};
		D3BEFBAEE027F494EEAA3D35 /* XSpiderMacTests */ = {
			isa = PBXGroup;
			children = (
				E26A5AB33B525DCFEE4E8E78 /* CreationTaskSelectionTests.swift */,
				DA9DDDA95C4F6ABB7FB0263B /* DownloadEngineTests.swift */,
				E718A31888D53077262DF1A4 /* FileIntegrityTests.swift */,
				D8723406FAF93C4C12966B02 /* FileNameTemplateTests.swift */,
				D45CFD806B90195310DE91A6 /* HomeTimelineStoreTests.swift */,
				F52E6EBC6E44EE82061C8673 /* L10nTests.swift */,
				6ACA5C4BE7800F96587A4FA8 /* MediaSelectionTests.swift */,
				0AD4B7CDFCDBFCD97AAACBBE /* MediaViewerAndFilterTests.swift */,
				0B0F8F16A5791FECD0FBDA39 /* NetworkRetryTests.swift */,
				4E1F663EB2E54ED774199AD8 /* RateLimitTests.swift */,
				5F34FE5FD48A035A8C1EAF13 /* ReplyTreeAndPromotedTests.swift */,
				E5BCB4E79F3443C0CC5CE98E /* SearchTimelineTests.swift */,
				A44FBDC4C09B2322E6C4E65C /* SettingsAndCacheTests.swift */,
				C67B0C451FE1C3AD820035B6 /* TimelinePagingTests.swift */,
				644D8F09D2A505D1D1276D06 /* TweetDetailUserTests.swift */,
				3D6131CF69D6CFCE40580DB2 /* XSpiderMacTests.swift */,
			);
			path = XSpiderMacTests;
			sourceTree = "<group>";
		};
		D9A584A3E59D50A1E2C6A3A0 /* Stores */ = {
			isa = PBXGroup;
			children = (
				9FBF3B6352EC01EFE8FF9BB3 /* .gitkeep */,
				C54A4C75D2582FE77518CE71 /* AccountStatusStore.swift */,
				2B628263D9561601F809C4F8 /* AppStore.swift */,
				FB604A500CE60BCEC3672A98 /* CreationTaskStore.swift */,
				65114E0D2408F2AD861228F0 /* DownloadStore.swift */,
				F1A6494CC89C67122E3F3122 /* HomepageStore.swift */,
				29B9F72E780FE56434B59E8A /* HomeTimelineStore.swift */,
				BB8EEDF1ACB6AD7671621145 /* SettingsStore.swift */,
				17C8CCC2EAAB122A6FF0E343 /* SyncStore.swift */,
				2E4EBAB7F6DF06D7D56186F2 /* TranslationStore.swift */,
			);
			path = Stores;
			sourceTree = "<group>";
		};
/* End PBXGroup section */

/* Begin PBXNativeTarget section */
		41AB8042EBAEA8A9E14E0B6E /* XSpiderMac */ = {
			isa = PBXNativeTarget;
			buildConfigurationList = 6DA9D0CC8469DE3059508F77 /* Build configuration list for PBXNativeTarget "XSpiderMac" */;
			buildPhases = (
				516BEEFF93E15F030EEFFE76 /* Sources */,
				34EF8A87E0623A03AB2D59A2 /* Resources */,
			);
			buildRules = (
			);
			dependencies = (
			);
			name = XSpiderMac;
			packageProductDependencies = (
			);
			productName = XSpiderMac;
			productReference = CF04B13606AE9D30B5392F7C /* XSpiderMac.app */;
			productType = "com.apple.product-type.application";
		};
		4975324BBE33912392704953 /* XSpiderMacTests */ = {
			isa = PBXNativeTarget;
			buildConfigurationList = 11A5B4EB2C17EF3C91C71BF4 /* Build configuration list for PBXNativeTarget "XSpiderMacTests" */;
			buildPhases = (
				1D634C2B26CD8B97F1291A15 /* Sources */,
			);
			buildRules = (
			);
			dependencies = (
				C7BA994E0A67DEB83760936F /* PBXTargetDependency */,
			);
			name = XSpiderMacTests;
			packageProductDependencies = (
			);
			productName = XSpiderMacTests;
			productReference = A9FF2B6963D0CB232CB5947E /* XSpiderMacTests.xctest */;
			productType = "com.apple.product-type.bundle.unit-test";
		};
/* End PBXNativeTarget section */

/* Begin PBXProject section */
		2132E386BF1EADE710AA2784 /* Project object */ = {
			isa = PBXProject;
			attributes = {
				BuildIndependentTargetsInParallel = YES;
				LastUpgradeCheck = 1430;
				TargetAttributes = {
					41AB8042EBAEA8A9E14E0B6E = {
						DevelopmentTeam = "";
						ProvisioningStyle = Automatic;
					};
				};
			};
			buildConfigurationList = FBBCFF0CE44ED13436C4DCCE /* Build configuration list for PBXProject "XSpiderMac" */;
			developmentRegion = en;
			hasScannedForEncodings = 0;
			knownRegions = (
				Base,
				en,
			);
			mainGroup = 0A88B03F17E29512367B0991;
			minimizedProjectReferenceProxies = 1;
			preferredProjectObjectVersion = 77;
			productRefGroup = 5AE56BCE44D8FB92FE6B3E03 /* Products */;
			projectDirPath = "";
			projectRoot = "";
			targets = (
				41AB8042EBAEA8A9E14E0B6E /* XSpiderMac */,
				4975324BBE33912392704953 /* XSpiderMacTests */,
			);
		};
/* End PBXProject section */

/* Begin PBXResourcesBuildPhase section */
		34EF8A87E0623A03AB2D59A2 /* Resources */ = {
			isa = PBXResourcesBuildPhase;
			buildActionMask = 2147483647;
			files = (
				E04E855AB238056433E1596E /* Assets.xcassets in Resources */,
				DAE2BA28975D47562C0A956F /* aria2next in Resources */,
			);
			runOnlyForDeploymentPostprocessing = 0;
		};
/* End PBXResourcesBuildPhase section */

/* Begin PBXSourcesBuildPhase section */
		1D634C2B26CD8B97F1291A15 /* Sources */ = {
			isa = PBXSourcesBuildPhase;
			buildActionMask = 2147483647;
			files = (
				5801A37E7C5562760D72C728 /* CreationTaskSelectionTests.swift in Sources */,
				75CA165417644DEFA269E1F5 /* DownloadEngineTests.swift in Sources */,
				EDD8A44ADA963391578DF21B /* FileIntegrityTests.swift in Sources */,
				2F79BBCBC511B6E335D68903 /* FileNameTemplateTests.swift in Sources */,
				F1A7C9493F8DCEDDE44BAD62 /* HomeTimelineStoreTests.swift in Sources */,
				6A781AF2E19543EB6B368AA4 /* L10nTests.swift in Sources */,
				37ED4DDC29969C90360A10B2 /* MediaSelectionTests.swift in Sources */,
				2D278C5B8AE4638C15B37A0C /* MediaViewerAndFilterTests.swift in Sources */,
				6929E7E9B93C5498DD02246F /* NetworkRetryTests.swift in Sources */,
				7CF8FA2CAC7A47326AC83DA6 /* RateLimitTests.swift in Sources */,
				30E03229669ABAF339441752 /* ReplyTreeAndPromotedTests.swift in Sources */,
				2A0330AD196BAA76929E427F /* SearchTimelineTests.swift in Sources */,
				34763326F141D3CB6879E0A6 /* SettingsAndCacheTests.swift in Sources */,
				8BEB503A5BED3601D7FA985D /* TimelinePagingTests.swift in Sources */,
				98BF145151F69EE572184F28 /* TweetDetailUserTests.swift in Sources */,
				045047B4F912DAD5F8CFD1E8 /* XSpiderMacTests.swift in Sources */,
			);
			runOnlyForDeploymentPostprocessing = 0;
		};
		516BEEFF93E15F030EEFFE76 /* Sources */ = {
			isa = PBXSourcesBuildPhase;
			buildActionMask = 2147483647;
			files = (
				6A861629F3AB6FF539C07D30 /* AboutView.swift in Sources */,
				34F3306BD0C9193324017FD7 /* AccountStatusStore.swift in Sources */,
				000A80B75B44F4533CF03039 /* AppDirectories.swift in Sources */,
				B021AB66B3B7029A22C6D093 /* AppLogger.swift in Sources */,
				D236BCE7DDFBA0790729E5EB /* AppStore.swift in Sources */,
				1EC28CCFAF84F769D283C27B /* Aria2Engine.swift in Sources */,
				ADABE872B8B725D401178A97 /* Aria2RPCClient.swift in Sources */,
				EA4E06D710A4DE8FEB7407AC /* ContentView.swift in Sources */,
				EF3CE8524E037D15E5F77E94 /* CookieImportView.swift in Sources */,
				0F47BB2443DF850442B690E6 /* CookieLoginSheet.swift in Sources */,
				AF65BEB030CCF1A1B6A8CCA8 /* CreationTask.swift in Sources */,
				642C0FF54CB497B7DDD35676 /* CreationTaskStore.swift in Sources */,
				604794497A05F6F6BB8A4027 /* DetailOverlayCenter.swift in Sources */,
				7F2FF43F7FDAF1C56D8BAAFD /* DockSyncLayout.swift in Sources */,
				B6F79EF95045436E10971ED0 /* DownloadFilter.swift in Sources */,
				16A281D8046D175DFF5C9008 /* DownloadStore.swift in Sources */,
				AC227416870F9297A4DBB582 /* DownloadTask.swift in Sources */,
				FDB03CDFF7F2C83FA65C4297 /* DownloadsView.swift in Sources */,
				F4A53548E7E41010D8EDA2D7 /* ExpandableText.swift in Sources */,
				EC28A95C1C6ACEBDB757F6C4 /* FeatureIntroSheet.swift in Sources */,
				DADC9397446116F0EB5B6772 /* FileIntegrity.swift in Sources */,
				7B23E6A11881F0FEC654415F /* FileNameTemplate.swift in Sources */,
				F778B9F338A10C7A37EF1E8D /* FloatingDownloadBar.swift in Sources */,
				F49847C55B541F758E1F31AD /* FollowButton.swift in Sources */,
				4542D74E1CC9876031503518 /* FollowingListSheet.swift in Sources */,
				19650F9D6A6CD1474627A8FD /* GlassBackground.swift in Sources */,
				28FD816424E84727DEABCCA7 /* GlassCompat.swift in Sources */,
				D625E6C7196AEF0C785F359B /* HomeTimelineStore.swift in Sources */,
				CA437AE628E377F593756EA1 /* HomeTimelineView.swift in Sources */,
				D93184638E9AB84916BF28F6 /* HomeView.swift in Sources */,
				3EC52913D8CA572C228C444F /* HomepageStore.swift in Sources */,
				87F8660898BCC8A8DFB5AEED /* ImageCache.swift in Sources */,
				9B123F8E30E1936E0AF7F83F /* InfoHint.swift in Sources */,
				4D84E5E91E214D3D3D8C8AFD /* L10n.swift in Sources */,
				02CDABF72404F347717EAF08 /* MediaCardActions.swift in Sources */,
				C8F2418BC5ABEBBA7B4B405B /* MediaDetailView.swift in Sources */,
				FE7CEC284490135BFC4CC21C /* MediaSelection.swift in Sources */,
				35E201683CC78631115963EB /* MediaTypeBadge.swift in Sources */,
				CCD62BFC1AECAC80521431E4 /* MediaViewerCenter.swift in Sources */,
				49CA475288D57AB01C532E15 /* MediaViewerView.swift in Sources */,
				1575F841CA3A2D04BEF848CC /* NavigationHistory.swift in Sources */,
				1B046CD60A725B4727260701 /* NavigationItem.swift in Sources */,
				695B9E625A4396D6D20484FC /* NetworkClient.swift in Sources */,
				E950C166A4EFDCD28FA5B3C4 /* NumberStepperField.swift in Sources */,
				6F97399FE029074A0E294FBF /* QuotedPostCard.swift in Sources */,
				AC549EA21CFFB395942FC26D /* RequestGate.swift in Sources */,
				BF54EF745C13947AC292D2CB /* SavedAccount.swift in Sources */,
				FB7B6DC7ACB1882C83BEE29E /* ScrollWheelCatcher.swift in Sources */,
				4290761DA5D4747D2608F590 /* SearchHistoryItem.swift in Sources */,
				EB90013BFE5E8249FE9A8F85 /* SearchHistoryPopover.swift in Sources */,
				681005D30F9A0ED8E2DCEB4A /* SearchQueryIdProvider.swift in Sources */,
				A95AC0460DAA207A127EA14F /* Settings.swift in Sources */,
				3C0EA7AEE313B7BD2BE6BF5C /* SettingsStore.swift in Sources */,
				091318096325BDC05BC87AFE /* SettingsView.swift in Sources */,
				72D3CDEF62F5C4B830171189 /* SidebarView.swift in Sources */,
				9DE45F14785C82B9348ABC18 /* SleepPreventer.swift in Sources */,
				5A10313AC85910D71F6B950B /* String+Path.swift in Sources */,
				DFE2F534E1C4BE0F7D032E38 /* SyncStore.swift in Sources */,
				9EFAD365062561FEB3E4076E /* SyncView.swift in Sources */,
				11D8850DCA918D37D7CAA6A4 /* TranslatableText.swift in Sources */,
				0437D649EA3532D1E1F60A9B /* TranslationStore.swift in Sources */,
				2EEFCCE851231DA73539E96A /* TweetDetailCache.swift in Sources */,
				EA5C133940AF31C444504ADE /* TwitterAPI.swift in Sources */,
				89ACE3C0BD37324C64AE22A8 /* TwitterAccountInfo.swift in Sources */,
				C9786C1ECC437ED9F1282BE0 /* TwitterMedia.swift in Sources */,
				75165C853F73A66A6AD0B6DF /* TwitterPost.swift in Sources */,
				94615A744BCD266E21DBA59F /* TwitterUser.swift in Sources */,
				89AE434276B37BEC29934829 /* WaterfallLayout.swift in Sources */,
				1C52D12FA380F2CEC29BB661 /* WindowConfig.swift in Sources */,
				CE63FF9703F273846ED5CFEA /* XClientTransaction.swift in Sources */,
				7B7FD3147348CF551F07B9A9 /* XSpiderMacApp.swift in Sources */,
			);
			runOnlyForDeploymentPostprocessing = 0;
		};
/* End PBXSourcesBuildPhase section */

/* Begin PBXTargetDependency section */
		C7BA994E0A67DEB83760936F /* PBXTargetDependency */ = {
			isa = PBXTargetDependency;
			target = 41AB8042EBAEA8A9E14E0B6E /* XSpiderMac */;
			targetProxy = A7A4EF118478EDDC77AA4463 /* PBXContainerItemProxy */;
		};
/* End PBXTargetDependency section */

/* Begin XCBuildConfiguration section */
		0146C645620DC7F255B4D83C /* Debug */ = {
			isa = XCBuildConfiguration;
			buildSettings = {
				ALWAYS_SEARCH_USER_PATHS = NO;
				CLANG_ANALYZER_NONNULL = YES;
				CLANG_ANALYZER_NUMBER_OBJECT_CONVERSION = YES_AGGRESSIVE;
				CLANG_CXX_LANGUAGE_STANDARD = "gnu++14";
				CLANG_CXX_LIBRARY = "libc++";
				CLANG_ENABLE_MODULES = YES;
				CLANG_ENABLE_OBJC_ARC = YES;
				CLANG_ENABLE_OBJC_WEAK = YES;
				CLANG_WARN_BLOCK_CAPTURE_AUTORELEASING = YES;
				CLANG_WARN_BOOL_CONVERSION = YES;
				CLANG_WARN_COMMA = YES;
				CLANG_WARN_CONSTANT_CONVERSION = YES;
				CLANG_WARN_DEPRECATED_OBJC_IMPLEMENTATIONS = YES;
				CLANG_WARN_DIRECT_OBJC_ISA_USAGE = YES_ERROR;
				CLANG_WARN_DOCUMENTATION_COMMENTS = YES;
				CLANG_WARN_EMPTY_BODY = YES;
				CLANG_WARN_ENUM_CONVERSION = YES;
				CLANG_WARN_INFINITE_RECURSION = YES;
				CLANG_WARN_INT_CONVERSION = YES;
				CLANG_WARN_NON_LITERAL_NULL_CONVERSION = YES;
				CLANG_WARN_OBJC_IMPLICIT_RETAIN_SELF = YES;
				CLANG_WARN_OBJC_LITERAL_CONVERSION = YES;
				CLANG_WARN_OBJC_ROOT_CLASS = YES_ERROR;
				CLANG_WARN_QUOTED_INCLUDE_IN_FRAMEWORK_HEADER = YES;
				CLANG_WARN_RANGE_LOOP_ANALYSIS = YES;
				CLANG_WARN_STRICT_PROTOTYPES = YES;
				CLANG_WARN_SUSPICIOUS_MOVE = YES;
				CLANG_WARN_UNGUARDED_AVAILABILITY = YES_AGGRESSIVE;
				CLANG_WARN_UNREACHABLE_CODE = YES;
				CLANG_WARN__DUPLICATE_METHOD_MATCH = YES;
				COPY_PHASE_STRIP = NO;
				DEBUG_INFORMATION_FORMAT = dwarf;
				ENABLE_STRICT_OBJC_MSGSEND = YES;
				ENABLE_TESTABILITY = YES;
				GCC_C_LANGUAGE_STANDARD = gnu11;
				GCC_DYNAMIC_NO_PIC = NO;
				GCC_NO_COMMON_BLOCKS = YES;
				GCC_OPTIMIZATION_LEVEL = 0;
				GCC_PREPROCESSOR_DEFINITIONS = (
					"$(inherited)",
					"DEBUG=1",
				);
				GCC_WARN_64_TO_32_BIT_CONVERSION = YES;
				GCC_WARN_ABOUT_RETURN_TYPE = YES_ERROR;
				GCC_WARN_UNDECLARED_SELECTOR = YES;
				GCC_WARN_UNINITIALIZED_AUTOS = YES_AGGRESSIVE;
				GCC_WARN_UNUSED_FUNCTION = YES;
				GCC_WARN_UNUSED_VARIABLE = YES;
				MTL_ENABLE_DEBUG_INFO = INCLUDE_SOURCE;
				MTL_FAST_MATH = YES;
				ONLY_ACTIVE_ARCH = YES;
				PRODUCT_NAME = "$(TARGET_NAME)";
				SDKROOT = macosx;
				SWIFT_ACTIVE_COMPILATION_CONDITIONS = DEBUG;
				SWIFT_OPTIMIZATION_LEVEL = "-Onone";
				SWIFT_VERSION = 5.0;
			};
			name = Debug;
		};
		559BBC1F715A4F88C88EA948 /* Release */ = {
			isa = XCBuildConfiguration;
			buildSettings = {
				BUNDLE_LOADER = "$(TEST_HOST)";
				COMBINE_HIDPI_IMAGES = YES;
				GENERATE_INFOPLIST_FILE = YES;
				LD_RUNPATH_SEARCH_PATHS = (
					"$(inherited)",
					"@executable_path/../Frameworks",
					"@loader_path/../Frameworks",
				);
				MACOSX_DEPLOYMENT_TARGET = 15.0;
				PRODUCT_BUNDLE_IDENTIFIER = moe.keli.xspider.mac.tests;
				SDKROOT = macosx;
				SWIFT_VERSION = 6.0;
				TEST_HOST = "$(BUILT_PRODUCTS_DIR)/XSpiderMac.app/Contents/MacOS/XSpiderMac";
			};
			name = Release;
		};
		AB025E4551A738A11C19F300 /* Debug */ = {
			isa = XCBuildConfiguration;
			buildSettings = {
				ASSETCATALOG_COMPILER_APPICON_NAME = AppIcon;
				CODE_SIGN_ENTITLEMENTS = XSpiderMac.entitlements;
				CODE_SIGN_STYLE = Automatic;
				COMBINE_HIDPI_IMAGES = YES;
				CURRENT_PROJECT_VERSION = 1;
				DEVELOPMENT_TEAM = "";
				ENABLE_HARDENED_RUNTIME = YES;
				GENERATE_INFOPLIST_FILE = YES;
				INFOPLIST_KEY_CFBundleDisplayName = "X-Spider";
				INFOPLIST_KEY_LSApplicationCategoryType = "public.app-category.utilities";
				LD_RUNPATH_SEARCH_PATHS = (
					"$(inherited)",
					"@executable_path/../Frameworks",
				);
				MACOSX_DEPLOYMENT_TARGET = 15.0;
				MARKETING_VERSION = 1.0.0;
				OTHER_CODE_SIGN_FLAGS = "--deep";
				PRODUCT_BUNDLE_IDENTIFIER = moe.keli.xspider.mac;
				SDKROOT = macosx;
				SWIFT_VERSION = 6.0;
			};
			name = Debug;
		};
		DF6FE9C34022552AF4F2DCEE /* Debug */ = {
			isa = XCBuildConfiguration;
			buildSettings = {
				BUNDLE_LOADER = "$(TEST_HOST)";
				COMBINE_HIDPI_IMAGES = YES;
				GENERATE_INFOPLIST_FILE = YES;
				LD_RUNPATH_SEARCH_PATHS = (
					"$(inherited)",
					"@executable_path/../Frameworks",
					"@loader_path/../Frameworks",
				);
				MACOSX_DEPLOYMENT_TARGET = 15.0;
				PRODUCT_BUNDLE_IDENTIFIER = moe.keli.xspider.mac.tests;
				SDKROOT = macosx;
				SWIFT_VERSION = 6.0;
				TEST_HOST = "$(BUILT_PRODUCTS_DIR)/XSpiderMac.app/Contents/MacOS/XSpiderMac";
			};
			name = Debug;
		};
		EC7955728D427CA2E9B9921F /* Release */ = {
			isa = XCBuildConfiguration;
			buildSettings = {
				ASSETCATALOG_COMPILER_APPICON_NAME = AppIcon;
				CODE_SIGN_ENTITLEMENTS = XSpiderMac.entitlements;
				CODE_SIGN_STYLE = Automatic;
				COMBINE_HIDPI_IMAGES = YES;
				CURRENT_PROJECT_VERSION = 1;
				DEVELOPMENT_TEAM = "";
				ENABLE_HARDENED_RUNTIME = YES;
				GENERATE_INFOPLIST_FILE = YES;
				INFOPLIST_KEY_CFBundleDisplayName = "X-Spider";
				INFOPLIST_KEY_LSApplicationCategoryType = "public.app-category.utilities";
				LD_RUNPATH_SEARCH_PATHS = (
					"$(inherited)",
					"@executable_path/../Frameworks",
				);
				MACOSX_DEPLOYMENT_TARGET = 15.0;
				MARKETING_VERSION = 1.0.0;
				OTHER_CODE_SIGN_FLAGS = "--deep";
				PRODUCT_BUNDLE_IDENTIFIER = moe.keli.xspider.mac;
				SDKROOT = macosx;
				SWIFT_VERSION = 6.0;
			};
			name = Release;
		};
		FA7342173E9ACC2B033F479A /* Release */ = {
			isa = XCBuildConfiguration;
			buildSettings = {
				ALWAYS_SEARCH_USER_PATHS = NO;
				CLANG_ANALYZER_NONNULL = YES;
				CLANG_ANALYZER_NUMBER_OBJECT_CONVERSION = YES_AGGRESSIVE;
				CLANG_CXX_LANGUAGE_STANDARD = "gnu++14";
				CLANG_CXX_LIBRARY = "libc++";
				CLANG_ENABLE_MODULES = YES;
				CLANG_ENABLE_OBJC_ARC = YES;
				CLANG_ENABLE_OBJC_WEAK = YES;
				CLANG_WARN_BLOCK_CAPTURE_AUTORELEASING = YES;
				CLANG_WARN_BOOL_CONVERSION = YES;
				CLANG_WARN_COMMA = YES;
				CLANG_WARN_CONSTANT_CONVERSION = YES;
				CLANG_WARN_DEPRECATED_OBJC_IMPLEMENTATIONS = YES;
				CLANG_WARN_DIRECT_OBJC_ISA_USAGE = YES_ERROR;
				CLANG_WARN_DOCUMENTATION_COMMENTS = YES;
				CLANG_WARN_EMPTY_BODY = YES;
				CLANG_WARN_ENUM_CONVERSION = YES;
				CLANG_WARN_INFINITE_RECURSION = YES;
				CLANG_WARN_INT_CONVERSION = YES;
				CLANG_WARN_NON_LITERAL_NULL_CONVERSION = YES;
				CLANG_WARN_OBJC_IMPLICIT_RETAIN_SELF = YES;
				CLANG_WARN_OBJC_LITERAL_CONVERSION = YES;
				CLANG_WARN_OBJC_ROOT_CLASS = YES_ERROR;
				CLANG_WARN_QUOTED_INCLUDE_IN_FRAMEWORK_HEADER = YES;
				CLANG_WARN_RANGE_LOOP_ANALYSIS = YES;
				CLANG_WARN_STRICT_PROTOTYPES = YES;
				CLANG_WARN_SUSPICIOUS_MOVE = YES;
				CLANG_WARN_UNGUARDED_AVAILABILITY = YES_AGGRESSIVE;
				CLANG_WARN_UNREACHABLE_CODE = YES;
				CLANG_WARN__DUPLICATE_METHOD_MATCH = YES;
				COPY_PHASE_STRIP = NO;
				DEBUG_INFORMATION_FORMAT = "dwarf-with-dsym";
				ENABLE_NS_ASSERTIONS = NO;
				ENABLE_STRICT_OBJC_MSGSEND = YES;
				GCC_C_LANGUAGE_STANDARD = gnu11;
				GCC_NO_COMMON_BLOCKS = YES;
				GCC_WARN_64_TO_32_BIT_CONVERSION = YES;
				GCC_WARN_ABOUT_RETURN_TYPE = YES_ERROR;
				GCC_WARN_UNDECLARED_SELECTOR = YES;
				GCC_WARN_UNINITIALIZED_AUTOS = YES_AGGRESSIVE;
				GCC_WARN_UNUSED_FUNCTION = YES;
				GCC_WARN_UNUSED_VARIABLE = YES;
				MTL_ENABLE_DEBUG_INFO = NO;
				MTL_FAST_MATH = YES;
				PRODUCT_NAME = "$(TARGET_NAME)";
				SDKROOT = macosx;
				SWIFT_COMPILATION_MODE = wholemodule;
				SWIFT_OPTIMIZATION_LEVEL = "-O";
				SWIFT_VERSION = 5.0;
			};
			name = Release;
		};
/* End XCBuildConfiguration section */

/* Begin XCConfigurationList section */
		11A5B4EB2C17EF3C91C71BF4 /* Build configuration list for PBXNativeTarget "XSpiderMacTests" */ = {
			isa = XCConfigurationList;
			buildConfigurations = (
				DF6FE9C34022552AF4F2DCEE /* Debug */,
				559BBC1F715A4F88C88EA948 /* Release */,
			);
			defaultConfigurationIsVisible = 0;
			defaultConfigurationName = Debug;
		};
		6DA9D0CC8469DE3059508F77 /* Build configuration list for PBXNativeTarget "XSpiderMac" */ = {
			isa = XCConfigurationList;
			buildConfigurations = (
				AB025E4551A738A11C19F300 /* Debug */,
				EC7955728D427CA2E9B9921F /* Release */,
			);
			defaultConfigurationIsVisible = 0;
			defaultConfigurationName = Debug;
		};
		FBBCFF0CE44ED13436C4DCCE /* Build configuration list for PBXProject "XSpiderMac" */ = {
			isa = XCConfigurationList;
			buildConfigurations = (
				0146C645620DC7F255B4D83C /* Debug */,
				FA7342173E9ACC2B033F479A /* Release */,
			);
			defaultConfigurationIsVisible = 0;
			defaultConfigurationName = Debug;
		};
/* End XCConfigurationList section */
	};
	rootObject = 2132E386BF1EADE710AA2784 /* Project object */;
}
