// !$*UTF8*$!
{
	archiveVersion = 1;
	classes = {
	};
	objectVersion = 77;
	objects = {

/* Begin PBXBuildFile section */
		045047B4F912DAD5F8CFD1E8 /* XSpiderMacTests.swift in Sources */ = {isa = PBXBuildFile; fileRef = 3D6131CF69D6CFCE40580DB2 /* XSpiderMacTests.swift */; };
		091318096325BDC05BC87AFE /* SettingsView.swift in Sources */ = {isa = PBXBuildFile; fileRef = 9400B7A22AAE4F79E7F30449 /* SettingsView.swift */; };
		16A281D8046D175DFF5C9008 /* DownloadStore.swift in Sources */ = {isa = PBXBuildFile; fileRef = 65114E0D2408F2AD861228F0 /* DownloadStore.swift */; };
		1B046CD60A725B4727260701 /* NavigationItem.swift in Sources */ = {isa = PBXBuildFile; fileRef = E50035F8AB3BD56B42F4BDC3 /* NavigationItem.swift */; };
		2F79BBCBC511B6E335D68903 /* FileNameTemplateTests.swift in Sources */ = {isa = PBXBuildFile; fileRef = D8723406FAF93C4C12966B02 /* FileNameTemplateTests.swift */; };
		3C0EA7AEE313B7BD2BE6BF5C /* SettingsStore.swift in Sources */ = {isa = PBXBuildFile; fileRef = BB8EEDF1ACB6AD7671621145 /* SettingsStore.swift */; };
		3EC52913D8CA572C228C444F /* HomepageStore.swift in Sources */ = {isa = PBXBuildFile; fileRef = F1A6494CC89C67122E3F3122 /* HomepageStore.swift */; };
		5A10313AC85910D71F6B950B /* String+Path.swift in Sources */ = {isa = PBXBuildFile; fileRef = A2C71F4FE1A0AD871AA29345 /* String+Path.swift */; };
		642C0FF54CB497B7DDD35676 /* CreationTaskStore.swift in Sources */ = {isa = PBXBuildFile; fileRef = FB604A500CE60BCEC3672A98 /* CreationTaskStore.swift */; };
		695B9E625A4396D6D20484FC /* NetworkClient.swift in Sources */ = {isa = PBXBuildFile; fileRef = 0C93E6E46B4E05127C178B1C /* NetworkClient.swift */; };
		6A861629F3AB6FF539C07D30 /* AboutView.swift in Sources */ = {isa = PBXBuildFile; fileRef = 13AD8E0566B641889F9C73FB /* AboutView.swift */; };
		72D3CDEF62F5C4B830171189 /* SidebarView.swift in Sources */ = {isa = PBXBuildFile; fileRef = 2C67A4155E3A3ADB82010417 /* SidebarView.swift */; };
		75165C853F73A66A6AD0B6DF /* TwitterPost.swift in Sources */ = {isa = PBXBuildFile; fileRef = 65CBC9960CB839075452DECD /* TwitterPost.swift */; };
		75CA165417644DEFA269E1F5 /* DownloadEngineTests.swift in Sources */ = {isa = PBXBuildFile; fileRef = DA9DDDA95C4F6ABB7FB0263B /* DownloadEngineTests.swift */; };
		7B23E6A11881F0FEC654415F /* FileNameTemplate.swift in Sources */ = {isa = PBXBuildFile; fileRef = 81B2DDA1453BB065CBE42323 /* FileNameTemplate.swift */; };
		7B7FD3147348CF551F07B9A9 /* XSpiderMacApp.swift in Sources */ = {isa = PBXBuildFile; fileRef = 07AE5E3CA52D8E873493B819 /* XSpiderMacApp.swift */; };
		89ACE3C0BD37324C64AE22A8 /* TwitterAccountInfo.swift in Sources */ = {isa = PBXBuildFile; fileRef = 93CF5041DD389E11B677504D /* TwitterAccountInfo.swift */; };
		94615A744BCD266E21DBA59F /* TwitterUser.swift in Sources */ = {isa = PBXBuildFile; fileRef = 1544EECF1A89E6C5FC211279 /* TwitterUser.swift */; };
		9DE45F14785C82B9348ABC18 /* SleepPreventer.swift in Sources */ = {isa = PBXBuildFile; fileRef = E91AFBC2B087ACA54EA1554D /* SleepPreventer.swift */; };
		A95AC0460DAA207A127EA14F /* Settings.swift in Sources */ = {isa = PBXBuildFile; fileRef = B5AD5B19BDF7FCCA2E95AE62 /* Settings.swift */; };
		AC227416870F9297A4DBB582 /* DownloadTask.swift in Sources */ = {isa = PBXBuildFile; fileRef = 13C99C4BFC75F391787FD663 /* DownloadTask.swift */; };
		AF65BEB030CCF1A1B6A8CCA8 /* CreationTask.swift in Sources */ = {isa = PBXBuildFile; fileRef = 184CF2D9F3C06EC179D10B36 /* CreationTask.swift */; };
		B021AB66B3B7029A22C6D093 /* AppLogger.swift in Sources */ = {isa = PBXBuildFile; fileRef = CC206AB57040EA940F7C8BC6 /* AppLogger.swift */; };
		B6F79EF95045436E10971ED0 /* DownloadFilter.swift in Sources */ = {isa = PBXBuildFile; fileRef = F0D152F0C622E1B039FD2033 /* DownloadFilter.swift */; };
		C9786C1ECC437ED9F1282BE0 /* TwitterMedia.swift in Sources */ = {isa = PBXBuildFile; fileRef = 6B939FBBBCC3EED4DAF66D0A /* TwitterMedia.swift */; };
		D236BCE7DDFBA0790729E5EB /* AppStore.swift in Sources */ = {isa = PBXBuildFile; fileRef = 2B628263D9561601F809C4F8 /* AppStore.swift */; };
		D93184638E9AB84916BF28F6 /* HomeView.swift in Sources */ = {isa = PBXBuildFile; fileRef = FD0743F0DE27D18BB7A9CB7D /* HomeView.swift */; };
		E04E855AB238056433E1596E /* Assets.xcassets in Resources */ = {isa = PBXBuildFile; fileRef = 1BBD226AD033835C037F4E7E /* Assets.xcassets */; };
		EA4E06D710A4DE8FEB7407AC /* ContentView.swift in Sources */ = {isa = PBXBuildFile; fileRef = 49F384578208B4323FB9E377 /* ContentView.swift */; };
		EA5C133940AF31C444504ADE /* TwitterAPI.swift in Sources */ = {isa = PBXBuildFile; fileRef = 0D7DD72FE659948C2AA3272F /* TwitterAPI.swift */; };
		EF3CE8524E037D15E5F77E94 /* CookieImportView.swift in Sources */ = {isa = PBXBuildFile; fileRef = CD11699500B1791EFEAA1F95 /* CookieImportView.swift */; };
		F778B9F338A10C7A37EF1E8D /* FloatingDownloadBar.swift in Sources */ = {isa = PBXBuildFile; fileRef = 76D769C342F080744CE4324F /* FloatingDownloadBar.swift */; };
		FDB03CDFF7F2C83FA65C4297 /* DownloadsView.swift in Sources */ = {isa = PBXBuildFile; fileRef = BA9515D2A5D149F0C6884E21 /* DownloadsView.swift */; };
/* End PBXBuildFile section */

/* Begin PBXContainerItemProxy section */
		A7A4EF118478EDDC77AA4463 /* PBXContainerItemProxy */ = {
			isa = PBXContainerItemProxy;
			containerPortal = 2132E386BF1EADE710AA2784 /* Project object */;
			proxyType = 1;
			remoteGlobalIDString = 41AB8042EBAEA8A9E14E0B6E;
			remoteInfo = XSpiderMac;
		};
/* End PBXContainerItemProxy section */

/* Begin PBXFileReference section */
		07AE5E3CA52D8E873493B819 /* XSpiderMacApp.swift */ = {isa = PBXFileReference; lastKnownFileType = sourcecode.swift; path = XSpiderMacApp.swift; sourceTree = "<group>"; };
		0C93E6E46B4E05127C178B1C /* NetworkClient.swift */ = {isa = PBXFileReference; lastKnownFileType = sourcecode.swift; path = NetworkClient.swift; sourceTree = "<group>"; };
		0D7DD72FE659948C2AA3272F /* TwitterAPI.swift */ = {isa = PBXFileReference; lastKnownFileType = sourcecode.swift; path = TwitterAPI.swift; sourceTree = "<group>"; };
		13AD8E0566B641889F9C73FB /* AboutView.swift */ = {isa = PBXFileReference; lastKnownFileType = sourcecode.swift; path = AboutView.swift; sourceTree = "<group>"; };
		13C99C4BFC75F391787FD663 /* DownloadTask.swift */ = {isa = PBXFileReference; lastKnownFileType = sourcecode.swift; path = DownloadTask.swift; sourceTree = "<group>"; };
		1544EECF1A89E6C5FC211279 /* TwitterUser.swift */ = {isa = PBXFileReference; lastKnownFileType = sourcecode.swift; path = TwitterUser.swift; sourceTree = "<group>"; };
		184CF2D9F3C06EC179D10B36 /* CreationTask.swift */ = {isa = PBXFileReference; lastKnownFileType = sourcecode.swift; path = CreationTask.swift; sourceTree = "<group>"; };
		1BBD226AD033835C037F4E7E /* Assets.xcassets */ = {isa = PBXFileReference; lastKnownFileType = folder.assetcatalog; path = Assets.xcassets; sourceTree = "<group>"; };
		2B628263D9561601F809C4F8 /* AppStore.swift */ = {isa = PBXFileReference; lastKnownFileType = sourcecode.swift; path = AppStore.swift; sourceTree = "<group>"; };
		2C67A4155E3A3ADB82010417 /* SidebarView.swift */ = {isa = PBXFileReference; lastKnownFileType = sourcecode.swift; path = SidebarView.swift; sourceTree = "<group>"; };
		3D6131CF69D6CFCE40580DB2 /* XSpiderMacTests.swift */ = {isa = PBXFileReference; lastKnownFileType = sourcecode.swift; path = XSpiderMacTests.swift; sourceTree = "<group>"; };
		49F384578208B4323FB9E377 /* ContentView.swift */ = {isa = PBXFileReference; lastKnownFileType = sourcecode.swift; path = ContentView.swift; sourceTree = "<group>"; };
		583B467661B41B8F17D31BDF /* .gitkeep */ = {isa = PBXFileReference; path = .gitkeep; sourceTree = "<group>"; };
		65114E0D2408F2AD861228F0 /* DownloadStore.swift */ = {isa = PBXFileReference; lastKnownFileType = sourcecode.swift; path = DownloadStore.swift; sourceTree = "<group>"; };
		65CBC9960CB839075452DECD /* TwitterPost.swift */ = {isa = PBXFileReference; lastKnownFileType = sourcecode.swift; path = TwitterPost.swift; sourceTree = "<group>"; };
		6B939FBBBCC3EED4DAF66D0A /* TwitterMedia.swift */ = {isa = PBXFileReference; lastKnownFileType = sourcecode.swift; path = TwitterMedia.swift; sourceTree = "<group>"; };
		76D769C342F080744CE4324F /* FloatingDownloadBar.swift */ = {isa = PBXFileReference; lastKnownFileType = sourcecode.swift; path = FloatingDownloadBar.swift; sourceTree = "<group>"; };
		81B2DDA1453BB065CBE42323 /* FileNameTemplate.swift */ = {isa = PBXFileReference; lastKnownFileType = sourcecode.swift; path = FileNameTemplate.swift; sourceTree = "<group>"; };
		82F18809605044A1B3F2B7A5 /* .gitkeep */ = {isa = PBXFileReference; path = .gitkeep; sourceTree = "<group>"; };
		93CF5041DD389E11B677504D /* TwitterAccountInfo.swift */ = {isa = PBXFileReference; lastKnownFileType = sourcecode.swift; path = TwitterAccountInfo.swift; sourceTree = "<group>"; };
		9400B7A22AAE4F79E7F30449 /* SettingsView.swift */ = {isa = PBXFileReference; lastKnownFileType = sourcecode.swift; path = SettingsView.swift; sourceTree = "<group>"; };
		9FBF3B6352EC01EFE8FF9BB3 /* .gitkeep */ = {isa = PBXFileReference; path = .gitkeep; sourceTree = "<group>"; };
		A2C71F4FE1A0AD871AA29345 /* String+Path.swift */ = {isa = PBXFileReference; lastKnownFileType = sourcecode.swift; path = "String+Path.swift"; sourceTree = "<group>"; };
		A9FF2B6963D0CB232CB5947E /* XSpiderMacTests.xctest */ = {isa = PBXFileReference; explicitFileType = wrapper.cfbundle; includeInIndex = 0; path = XSpiderMacTests.xctest; sourceTree = BUILT_PRODUCTS_DIR; };
		B5AD5B19BDF7FCCA2E95AE62 /* Settings.swift */ = {isa = PBXFileReference; lastKnownFileType = sourcecode.swift; path = Settings.swift; sourceTree = "<group>"; };
		BA9515D2A5D149F0C6884E21 /* DownloadsView.swift */ = {isa = PBXFileReference; lastKnownFileType = sourcecode.swift; path = DownloadsView.swift; sourceTree = "<group>"; };
		BB8EEDF1ACB6AD7671621145 /* SettingsStore.swift */ = {isa = PBXFileReference; lastKnownFileType = sourcecode.swift; path = SettingsStore.swift; sourceTree = "<group>"; };
		CC206AB57040EA940F7C8BC6 /* AppLogger.swift */ = {isa = PBXFileReference; lastKnownFileType = sourcecode.swift; path = AppLogger.swift; sourceTree = "<group>"; };
		CD11699500B1791EFEAA1F95 /* CookieImportView.swift */ = {isa = PBXFileReference; lastKnownFileType = sourcecode.swift; path = CookieImportView.swift; sourceTree = "<group>"; };
		CF04B13606AE9D30B5392F7C /* XSpiderMac.app */ = {isa = PBXFileReference; explicitFileType = wrapper.application; includeInIndex = 0; path = XSpiderMac.app; sourceTree = BUILT_PRODUCTS_DIR; };
		D8723406FAF93C4C12966B02 /* FileNameTemplateTests.swift */ = {isa = PBXFileReference; lastKnownFileType = sourcecode.swift; path = FileNameTemplateTests.swift; sourceTree = "<group>"; };
		DA9DDDA95C4F6ABB7FB0263B /* DownloadEngineTests.swift */ = {isa = PBXFileReference; lastKnownFileType = sourcecode.swift; path = DownloadEngineTests.swift; sourceTree = "<group>"; };
		E50035F8AB3BD56B42F4BDC3 /* NavigationItem.swift */ = {isa = PBXFileReference; lastKnownFileType = sourcecode.swift; path = NavigationItem.swift; sourceTree = "<group>"; };
		E91AFBC2B087ACA54EA1554D /* SleepPreventer.swift */ = {isa = PBXFileReference; lastKnownFileType = sourcecode.swift; path = SleepPreventer.swift; sourceTree = "<group>"; };
		EA025EF3ECBDC3FAB302A622 /* .gitkeep */ = {isa = PBXFileReference; path = .gitkeep; sourceTree = "<group>"; };
		F0D152F0C622E1B039FD2033 /* DownloadFilter.swift */ = {isa = PBXFileReference; lastKnownFileType = sourcecode.swift; path = DownloadFilter.swift; sourceTree = "<group>"; };
		F1A6494CC89C67122E3F3122 /* HomepageStore.swift */ = {isa = PBXFileReference; lastKnownFileType = sourcecode.swift; path = HomepageStore.swift; sourceTree = "<group>"; };
		FADCA961AD9D4F3C749F8A46 /* .gitkeep */ = {isa = PBXFileReference; path = .gitkeep; sourceTree = "<group>"; };
		FB604A500CE60BCEC3672A98 /* CreationTaskStore.swift */ = {isa = PBXFileReference; lastKnownFileType = sourcecode.swift; path = CreationTaskStore.swift; sourceTree = "<group>"; };
		FD0743F0DE27D18BB7A9CB7D /* HomeView.swift */ = {isa = PBXFileReference; lastKnownFileType = sourcecode.swift; path = HomeView.swift; sourceTree = "<group>"; };
/* End PBXFileReference section */

/* Begin PBXGroup section */
		0A88B03F17E29512367B0991 = {
			isa = PBXGroup;
			children = (
				C4660C9AB449A714A0F5BF9D /* Resources */,
				ABCF6C537659FC9845E66F49 /* Sources */,
				C3ACA30BA64BF7D4ED63B691 /* Tests */,
				5AE56BCE44D8FB92FE6B3E03 /* Products */,
			);
			sourceTree = "<group>";
		};
		182C3153A9525CE5C1D06F62 /* XSpiderMac */ = {
			isa = PBXGroup;
			children = (
				07AE5E3CA52D8E873493B819 /* XSpiderMacApp.swift */,
				D1AA5589A02CCB60354A8846 /* Models */,
				B34E9AE4469084B1E93E2C6D /* Services */,
				D9A584A3E59D50A1E2C6A3A0 /* Stores */,
				89B00E24CAAF513D7F8FEB38 /* Support */,
				31B7D5CA5DF8A98393BDF186 /* Views */,
			);
			path = XSpiderMac;
			sourceTree = "<group>";
		};
		31B7D5CA5DF8A98393BDF186 /* Views */ = {
			isa = PBXGroup;
			children = (
				EA025EF3ECBDC3FAB302A622 /* .gitkeep */,
				13AD8E0566B641889F9C73FB /* AboutView.swift */,
				49F384578208B4323FB9E377 /* ContentView.swift */,
				CD11699500B1791EFEAA1F95 /* CookieImportView.swift */,
				BA9515D2A5D149F0C6884E21 /* DownloadsView.swift */,
				76D769C342F080744CE4324F /* FloatingDownloadBar.swift */,
				FD0743F0DE27D18BB7A9CB7D /* HomeView.swift */,
				9400B7A22AAE4F79E7F30449 /* SettingsView.swift */,
				2C67A4155E3A3ADB82010417 /* SidebarView.swift */,
			);
			path = Views;
			sourceTree = "<group>";
		};
		5AE56BCE44D8FB92FE6B3E03 /* Products */ = {
			isa = PBXGroup;
			children = (
				CF04B13606AE9D30B5392F7C /* XSpiderMac.app */,
				A9FF2B6963D0CB232CB5947E /* XSpiderMacTests.xctest */,
			);
			name = Products;
			sourceTree = "<group>";
		};
		89B00E24CAAF513D7F8FEB38 /* Support */ = {
			isa = PBXGroup;
			children = (
				82F18809605044A1B3F2B7A5 /* .gitkeep */,
				CC206AB57040EA940F7C8BC6 /* AppLogger.swift */,
				E91AFBC2B087ACA54EA1554D /* SleepPreventer.swift */,
				A2C71F4FE1A0AD871AA29345 /* String+Path.swift */,
			);
			path = Support;
			sourceTree = "<group>";
		};
		ABCF6C537659FC9845E66F49 /* Sources */ = {
			isa = PBXGroup;
			children = (
				182C3153A9525CE5C1D06F62 /* XSpiderMac */,
			);
			path = Sources;
			sourceTree = "<group>";
		};
		B34E9AE4469084B1E93E2C6D /* Services */ = {
			isa = PBXGroup;
			children = (
				FADCA961AD9D4F3C749F8A46 /* .gitkeep */,
				81B2DDA1453BB065CBE42323 /* FileNameTemplate.swift */,
				0C93E6E46B4E05127C178B1C /* NetworkClient.swift */,
				0D7DD72FE659948C2AA3272F /* TwitterAPI.swift */,
			);
			path = Services;
			sourceTree = "<group>";
		};
		C3ACA30BA64BF7D4ED63B691 /* Tests */ = {
			isa = PBXGroup;
			children = (
				D3BEFBAEE027F494EEAA3D35 /* XSpiderMacTests */,
			);
			path = Tests;
			sourceTree = "<group>";
		};
		C4660C9AB449A714A0F5BF9D /* Resources */ = {
			isa = PBXGroup;
			children = (
				1BBD226AD033835C037F4E7E /* Assets.xcassets */,
			);
			path = Resources;
			sourceTree = "<group>";
		};
		D1AA5589A02CCB60354A8846 /* Models */ = {
			isa = PBXGroup;
			children = (
				583B467661B41B8F17D31BDF /* .gitkeep */,
				184CF2D9F3C06EC179D10B36 /* CreationTask.swift */,
				F0D152F0C622E1B039FD2033 /* DownloadFilter.swift */,
				13C99C4BFC75F391787FD663 /* DownloadTask.swift */,
				E50035F8AB3BD56B42F4BDC3 /* NavigationItem.swift */,
				B5AD5B19BDF7FCCA2E95AE62 /* Settings.swift */,
				93CF5041DD389E11B677504D /* TwitterAccountInfo.swift */,
				6B939FBBBCC3EED4DAF66D0A /* TwitterMedia.swift */,
				65CBC9960CB839075452DECD /* TwitterPost.swift */,
				1544EECF1A89E6C5FC211279 /* TwitterUser.swift */,
			);
			path = Models;
			sourceTree = "<group>";
		};
		D3BEFBAEE027F494EEAA3D35 /* XSpiderMacTests */ = {
			isa = PBXGroup;
			children = (
				DA9DDDA95C4F6ABB7FB0263B /* DownloadEngineTests.swift */,
				D8723406FAF93C4C12966B02 /* FileNameTemplateTests.swift */,
				3D6131CF69D6CFCE40580DB2 /* XSpiderMacTests.swift */,
			);
			path = XSpiderMacTests;
			sourceTree = "<group>";
		};
		D9A584A3E59D50A1E2C6A3A0 /* Stores */ = {
			isa = PBXGroup;
			children = (
				9FBF3B6352EC01EFE8FF9BB3 /* .gitkeep */,
				2B628263D9561601F809C4F8 /* AppStore.swift */,
				FB604A500CE60BCEC3672A98 /* CreationTaskStore.swift */,
				65114E0D2408F2AD861228F0 /* DownloadStore.swift */,
				F1A6494CC89C67122E3F3122 /* HomepageStore.swift */,
				BB8EEDF1ACB6AD7671621145 /* SettingsStore.swift */,
			);
			path = Stores;
			sourceTree = "<group>";
		};
/* End PBXGroup section */

/* Begin PBXNativeTarget section */
		41AB8042EBAEA8A9E14E0B6E /* XSpiderMac */ = {
			isa = PBXNativeTarget;
			buildConfigurationList = 6DA9D0CC8469DE3059508F77 /* Build configuration list for PBXNativeTarget "XSpiderMac" */;
			buildPhases = (
				516BEEFF93E15F030EEFFE76 /* Sources */,
				34EF8A87E0623A03AB2D59A2 /* Resources */,
			);
			buildRules = (
			);
			dependencies = (
			);
			name = XSpiderMac;
			packageProductDependencies = (
			);
			productName = XSpiderMac;
			productReference = CF04B13606AE9D30B5392F7C /* XSpiderMac.app */;
			productType = "com.apple.product-type.application";
		};
		4975324BBE33912392704953 /* XSpiderMacTests */ = {
			isa = PBXNativeTarget;
			buildConfigurationList = 11A5B4EB2C17EF3C91C71BF4 /* Build configuration list for PBXNativeTarget "XSpiderMacTests" */;
			buildPhases = (
				1D634C2B26CD8B97F1291A15 /* Sources */,
			);
			buildRules = (
			);
			dependencies = (
				C7BA994E0A67DEB83760936F /* PBXTargetDependency */,
			);
			name = XSpiderMacTests;
			packageProductDependencies = (
			);
			productName = XSpiderMacTests;
			productReference = A9FF2B6963D0CB232CB5947E /* XSpiderMacTests.xctest */;
			productType = "com.apple.product-type.bundle.unit-test";
		};
/* End PBXNativeTarget section */

/* Begin PBXProject section */
		2132E386BF1EADE710AA2784 /* Project object */ = {
			isa = PBXProject;
			attributes = {
				BuildIndependentTargetsInParallel = YES;
				LastUpgradeCheck = 1430;
				TargetAttributes = {
					41AB8042EBAEA8A9E14E0B6E = {
						DevelopmentTeam = "";
						ProvisioningStyle = Automatic;
					};
				};
			};
			buildConfigurationList = FBBCFF0CE44ED13436C4DCCE /* Build configuration list for PBXProject "XSpiderMac" */;
			developmentRegion = en;
			hasScannedForEncodings = 0;
			knownRegions = (
				Base,
				en,
			);
			mainGroup = 0A88B03F17E29512367B0991;
			minimizedProjectReferenceProxies = 1;
			preferredProjectObjectVersion = 77;
			productRefGroup = 5AE56BCE44D8FB92FE6B3E03 /* Products */;
			projectDirPath = "";
			projectRoot = "";
			targets = (
				41AB8042EBAEA8A9E14E0B6E /* XSpiderMac */,
				4975324BBE33912392704953 /* XSpiderMacTests */,
			);
		};
/* End PBXProject section */

/* Begin PBXResourcesBuildPhase section */
		34EF8A87E0623A03AB2D59A2 /* Resources */ = {
			isa = PBXResourcesBuildPhase;
			buildActionMask = 2147483647;
			files = (
				E04E855AB238056433E1596E /* Assets.xcassets in Resources */,
			);
			runOnlyForDeploymentPostprocessing = 0;
		};
/* End PBXResourcesBuildPhase section */

/* Begin PBXSourcesBuildPhase section */
		1D634C2B26CD8B97F1291A15 /* Sources */ = {
			isa = PBXSourcesBuildPhase;
			buildActionMask = 2147483647;
			files = (
				75CA165417644DEFA269E1F5 /* DownloadEngineTests.swift in Sources */,
				2F79BBCBC511B6E335D68903 /* FileNameTemplateTests.swift in Sources */,
				045047B4F912DAD5F8CFD1E8 /* XSpiderMacTests.swift in Sources */,
			);
			runOnlyForDeploymentPostprocessing = 0;
		};
		516BEEFF93E15F030EEFFE76 /* Sources */ = {
			isa = PBXSourcesBuildPhase;
			buildActionMask = 2147483647;
			files = (
				6A861629F3AB6FF539C07D30 /* AboutView.swift in Sources */,
				B021AB66B3B7029A22C6D093 /* AppLogger.swift in Sources */,
				D236BCE7DDFBA0790729E5EB /* AppStore.swift in Sources */,
				EA4E06D710A4DE8FEB7407AC /* ContentView.swift in Sources */,
				EF3CE8524E037D15E5F77E94 /* CookieImportView.swift in Sources */,
				AF65BEB030CCF1A1B6A8CCA8 /* CreationTask.swift in Sources */,
				642C0FF54CB497B7DDD35676 /* CreationTaskStore.swift in Sources */,
				B6F79EF95045436E10971ED0 /* DownloadFilter.swift in Sources */,
				16A281D8046D175DFF5C9008 /* DownloadStore.swift in Sources */,
				AC227416870F9297A4DBB582 /* DownloadTask.swift in Sources */,
				FDB03CDFF7F2C83FA65C4297 /* DownloadsView.swift in Sources */,
				7B23E6A11881F0FEC654415F /* FileNameTemplate.swift in Sources */,
				F778B9F338A10C7A37EF1E8D /* FloatingDownloadBar.swift in Sources */,
				D93184638E9AB84916BF28F6 /* HomeView.swift in Sources */,
				3EC52913D8CA572C228C444F /* HomepageStore.swift in Sources */,
				1B046CD60A725B4727260701 /* NavigationItem.swift in Sources */,
				695B9E625A4396D6D20484FC /* NetworkClient.swift in Sources */,
				A95AC0460DAA207A127EA14F /* Settings.swift in Sources */,
				3C0EA7AEE313B7BD2BE6BF5C /* SettingsStore.swift in Sources */,
				091318096325BDC05BC87AFE /* SettingsView.swift in Sources */,
				72D3CDEF62F5C4B830171189 /* SidebarView.swift in Sources */,
				9DE45F14785C82B9348ABC18 /* SleepPreventer.swift in Sources */,
				5A10313AC85910D71F6B950B /* String+Path.swift in Sources */,
				EA5C133940AF31C444504ADE /* TwitterAPI.swift in Sources */,
				89ACE3C0BD37324C64AE22A8 /* TwitterAccountInfo.swift in Sources */,
				C9786C1ECC437ED9F1282BE0 /* TwitterMedia.swift in Sources */,
				75165C853F73A66A6AD0B6DF /* TwitterPost.swift in Sources */,
				94615A744BCD266E21DBA59F /* TwitterUser.swift in Sources */,
				7B7FD3147348CF551F07B9A9 /* XSpiderMacApp.swift in Sources */,
			);
			runOnlyForDeploymentPostprocessing = 0;
		};
/* End PBXSourcesBuildPhase section */

/* Begin PBXTargetDependency section */
		C7BA994E0A67DEB83760936F /* PBXTargetDependency */ = {
			isa = PBXTargetDependency;
			target = 41AB8042EBAEA8A9E14E0B6E /* XSpiderMac */;
			targetProxy = A7A4EF118478EDDC77AA4463 /* PBXContainerItemProxy */;
		};
/* End PBXTargetDependency section */

/* Begin XCBuildConfiguration section */
		0146C645620DC7F255B4D83C /* Debug */ = {
			isa = XCBuildConfiguration;
			buildSettings = {
				ALWAYS_SEARCH_USER_PATHS = NO;
				CLANG_ANALYZER_NONNULL = YES;
				CLANG_ANALYZER_NUMBER_OBJECT_CONVERSION = YES_AGGRESSIVE;
				CLANG_CXX_LANGUAGE_STANDARD = "gnu++14";
				CLANG_CXX_LIBRARY = "libc++";
				CLANG_ENABLE_MODULES = YES;
				CLANG_ENABLE_OBJC_ARC = YES;
				CLANG_ENABLE_OBJC_WEAK = YES;
				CLANG_WARN_BLOCK_CAPTURE_AUTORELEASING = YES;
				CLANG_WARN_BOOL_CONVERSION = YES;
				CLANG_WARN_COMMA = YES;
				CLANG_WARN_CONSTANT_CONVERSION = YES;
				CLANG_WARN_DEPRECATED_OBJC_IMPLEMENTATIONS = YES;
				CLANG_WARN_DIRECT_OBJC_ISA_USAGE = YES_ERROR;
				CLANG_WARN_DOCUMENTATION_COMMENTS = YES;
				CLANG_WARN_EMPTY_BODY = YES;
				CLANG_WARN_ENUM_CONVERSION = YES;
				CLANG_WARN_INFINITE_RECURSION = YES;
				CLANG_WARN_INT_CONVERSION = YES;
				CLANG_WARN_NON_LITERAL_NULL_CONVERSION = YES;
				CLANG_WARN_OBJC_IMPLICIT_RETAIN_SELF = YES;
				CLANG_WARN_OBJC_LITERAL_CONVERSION = YES;
				CLANG_WARN_OBJC_ROOT_CLASS = YES_ERROR;
				CLANG_WARN_QUOTED_INCLUDE_IN_FRAMEWORK_HEADER = YES;
				CLANG_WARN_RANGE_LOOP_ANALYSIS = YES;
				CLANG_WARN_STRICT_PROTOTYPES = YES;
				CLANG_WARN_SUSPICIOUS_MOVE = YES;
				CLANG_WARN_UNGUARDED_AVAILABILITY = YES_AGGRESSIVE;
				CLANG_WARN_UNREACHABLE_CODE = YES;
				CLANG_WARN__DUPLICATE_METHOD_MATCH = YES;
				COPY_PHASE_STRIP = NO;
				DEBUG_INFORMATION_FORMAT = dwarf;
				ENABLE_STRICT_OBJC_MSGSEND = YES;
				ENABLE_TESTABILITY = YES;
				GCC_C_LANGUAGE_STANDARD = gnu11;
				GCC_DYNAMIC_NO_PIC = NO;
				GCC_NO_COMMON_BLOCKS = YES;
				GCC_OPTIMIZATION_LEVEL = 0;
				GCC_PREPROCESSOR_DEFINITIONS = (
					"$(inherited)",
					"DEBUG=1",
				);
				GCC_WARN_64_TO_32_BIT_CONVERSION = YES;
				GCC_WARN_ABOUT_RETURN_TYPE = YES_ERROR;
				GCC_WARN_UNDECLARED_SELECTOR = YES;
				GCC_WARN_UNINITIALIZED_AUTOS = YES_AGGRESSIVE;
				GCC_WARN_UNUSED_FUNCTION = YES;
				GCC_WARN_UNUSED_VARIABLE = YES;
				MTL_ENABLE_DEBUG_INFO = INCLUDE_SOURCE;
				MTL_FAST_MATH = YES;
				ONLY_ACTIVE_ARCH = YES;
				PRODUCT_NAME = "$(TARGET_NAME)";
				SDKROOT = macosx;
				SWIFT_ACTIVE_COMPILATION_CONDITIONS = DEBUG;
				SWIFT_OPTIMIZATION_LEVEL = "-Onone";
				SWIFT_VERSION = 5.0;
			};
			name = Debug;
		};
		559BBC1F715A4F88C88EA948 /* Release */ = {
			isa = XCBuildConfiguration;
			buildSettings = {
				BUNDLE_LOADER = "$(TEST_HOST)";
				COMBINE_HIDPI_IMAGES = YES;
				GENERATE_INFOPLIST_FILE = YES;
				LD_RUNPATH_SEARCH_PATHS = (
					"$(inherited)",
					"@executable_path/../Frameworks",
					"@loader_path/../Frameworks",
				);
				MACOSX_DEPLOYMENT_TARGET = 26.0;
				PRODUCT_BUNDLE_IDENTIFIER = moe.keli.xspider.mac.tests;
				SDKROOT = macosx;
				SWIFT_VERSION = 6.0;
				TEST_HOST = "$(BUILT_PRODUCTS_DIR)/XSpiderMac.app/Contents/MacOS/XSpiderMac";
			};
			name = Release;
		};
		AB025E4551A738A11C19F300 /* Debug */ = {
			isa = XCBuildConfiguration;
			buildSettings = {
				ASSETCATALOG_COMPILER_APPICON_NAME = AppIcon;
				CODE_SIGN_ENTITLEMENTS = XSpiderMac.entitlements;
				CODE_SIGN_STYLE = Automatic;
				COMBINE_HIDPI_IMAGES = YES;
				DEVELOPMENT_TEAM = "";
				ENABLE_HARDENED_RUNTIME = YES;
				GENERATE_INFOPLIST_FILE = YES;
				INFOPLIST_KEY_CFBundleDisplayName = "X-Spider";
				INFOPLIST_KEY_LSApplicationCategoryType = "public.app-category.utilities";
				LD_RUNPATH_SEARCH_PATHS = (
					"$(inherited)",
					"@executable_path/../Frameworks",
				);
				MACOSX_DEPLOYMENT_TARGET = 26.0;
				PRODUCT_BUNDLE_IDENTIFIER = moe.keli.xspider.mac;
				SDKROOT = macosx;
				SWIFT_VERSION = 6.0;
			};
			name = Debug;
		};
		DF6FE9C34022552AF4F2DCEE /* Debug */ = {
			isa = XCBuildConfiguration;
			buildSettings = {
				BUNDLE_LOADER = "$(TEST_HOST)";
				COMBINE_HIDPI_IMAGES = YES;
				GENERATE_INFOPLIST_FILE = YES;
				LD_RUNPATH_SEARCH_PATHS = (
					"$(inherited)",
					"@executable_path/../Frameworks",
					"@loader_path/../Frameworks",
				);
				MACOSX_DEPLOYMENT_TARGET = 26.0;
				PRODUCT_BUNDLE_IDENTIFIER = moe.keli.xspider.mac.tests;
				SDKROOT = macosx;
				SWIFT_VERSION = 6.0;
				TEST_HOST = "$(BUILT_PRODUCTS_DIR)/XSpiderMac.app/Contents/MacOS/XSpiderMac";
			};
			name = Debug;
		};
		EC7955728D427CA2E9B9921F /* Release */ = {
			isa = XCBuildConfiguration;
			buildSettings = {
				ASSETCATALOG_COMPILER_APPICON_NAME = AppIcon;
				CODE_SIGN_ENTITLEMENTS = XSpiderMac.entitlements;
				CODE_SIGN_STYLE = Automatic;
				COMBINE_HIDPI_IMAGES = YES;
				DEVELOPMENT_TEAM = "";
				ENABLE_HARDENED_RUNTIME = YES;
				GENERATE_INFOPLIST_FILE = YES;
				INFOPLIST_KEY_CFBundleDisplayName = "X-Spider";
				INFOPLIST_KEY_LSApplicationCategoryType = "public.app-category.utilities";
				LD_RUNPATH_SEARCH_PATHS = (
					"$(inherited)",
					"@executable_path/../Frameworks",
				);
				MACOSX_DEPLOYMENT_TARGET = 26.0;
				PRODUCT_BUNDLE_IDENTIFIER = moe.keli.xspider.mac;
				SDKROOT = macosx;
				SWIFT_VERSION = 6.0;
			};
			name = Release;
		};
		FA7342173E9ACC2B033F479A /* Release */ = {
			isa = XCBuildConfiguration;
			buildSettings = {
				ALWAYS_SEARCH_USER_PATHS = NO;
				CLANG_ANALYZER_NONNULL = YES;
				CLANG_ANALYZER_NUMBER_OBJECT_CONVERSION = YES_AGGRESSIVE;
				CLANG_CXX_LANGUAGE_STANDARD = "gnu++14";
				CLANG_CXX_LIBRARY = "libc++";
				CLANG_ENABLE_MODULES = YES;
				CLANG_ENABLE_OBJC_ARC = YES;
				CLANG_ENABLE_OBJC_WEAK = YES;
				CLANG_WARN_BLOCK_CAPTURE_AUTORELEASING = YES;
				CLANG_WARN_BOOL_CONVERSION = YES;
				CLANG_WARN_COMMA = YES;
				CLANG_WARN_CONSTANT_CONVERSION = YES;
				CLANG_WARN_DEPRECATED_OBJC_IMPLEMENTATIONS = YES;
				CLANG_WARN_DIRECT_OBJC_ISA_USAGE = YES_ERROR;
				CLANG_WARN_DOCUMENTATION_COMMENTS = YES;
				CLANG_WARN_EMPTY_BODY = YES;
				CLANG_WARN_ENUM_CONVERSION = YES;
				CLANG_WARN_INFINITE_RECURSION = YES;
				CLANG_WARN_INT_CONVERSION = YES;
				CLANG_WARN_NON_LITERAL_NULL_CONVERSION = YES;
				CLANG_WARN_OBJC_IMPLICIT_RETAIN_SELF = YES;
				CLANG_WARN_OBJC_LITERAL_CONVERSION = YES;
				CLANG_WARN_OBJC_ROOT_CLASS = YES_ERROR;
				CLANG_WARN_QUOTED_INCLUDE_IN_FRAMEWORK_HEADER = YES;
				CLANG_WARN_RANGE_LOOP_ANALYSIS = YES;
				CLANG_WARN_STRICT_PROTOTYPES = YES;
				CLANG_WARN_SUSPICIOUS_MOVE = YES;
				CLANG_WARN_UNGUARDED_AVAILABILITY = YES_AGGRESSIVE;
				CLANG_WARN_UNREACHABLE_CODE = YES;
				CLANG_WARN__DUPLICATE_METHOD_MATCH = YES;
				COPY_PHASE_STRIP = NO;
				DEBUG_INFORMATION_FORMAT = "dwarf-with-dsym";
				ENABLE_NS_ASSERTIONS = NO;
				ENABLE_STRICT_OBJC_MSGSEND = YES;
				GCC_C_LANGUAGE_STANDARD = gnu11;
				GCC_NO_COMMON_BLOCKS = YES;
				GCC_WARN_64_TO_32_BIT_CONVERSION = YES;
				GCC_WARN_ABOUT_RETURN_TYPE = YES_ERROR;
				GCC_WARN_UNDECLARED_SELECTOR = YES;
				GCC_WARN_UNINITIALIZED_AUTOS = YES_AGGRESSIVE;
				GCC_WARN_UNUSED_FUNCTION = YES;
				GCC_WARN_UNUSED_VARIABLE = YES;
				MTL_ENABLE_DEBUG_INFO = NO;
				MTL_FAST_MATH = YES;
				PRODUCT_NAME = "$(TARGET_NAME)";
				SDKROOT = macosx;
				SWIFT_COMPILATION_MODE = wholemodule;
				SWIFT_OPTIMIZATION_LEVEL = "-O";
				SWIFT_VERSION = 5.0;
			};
			name = Release;
		};
/* End XCBuildConfiguration section */

/* Begin XCConfigurationList section */
		11A5B4EB2C17EF3C91C71BF4 /* Build configuration list for PBXNativeTarget "XSpiderMacTests" */ = {
			isa = XCConfigurationList;
			buildConfigurations = (
				DF6FE9C34022552AF4F2DCEE /* Debug */,
				559BBC1F715A4F88C88EA948 /* Release */,
			);
			defaultConfigurationIsVisible = 0;
			defaultConfigurationName = Debug;
		};
		6DA9D0CC8469DE3059508F77 /* Build configuration list for PBXNativeTarget "XSpiderMac" */ = {
			isa = XCConfigurationList;
			buildConfigurations = (
				AB025E4551A738A11C19F300 /* Debug */,
				EC7955728D427CA2E9B9921F /* Release */,
			);
			defaultConfigurationIsVisible = 0;
			defaultConfigurationName = Debug;
		};
		FBBCFF0CE44ED13436C4DCCE /* Build configuration list for PBXProject "XSpiderMac" */ = {
			isa = XCConfigurationList;
			buildConfigurations = (
				0146C645620DC7F255B4D83C /* Debug */,
				FA7342173E9ACC2B033F479A /* Release */,
			);
			defaultConfigurationIsVisible = 0;
			defaultConfigurationName = Debug;
		};
/* End XCConfigurationList section */
	};
	rootObject = 2132E386BF1EADE710AA2784 /* Project object */;
}
